// !$*UTF8*$!
{
	archiveVersion = 1;
	classes = {
	};
	objectVersion = 52;
	objects = {

/* Begin PBXBuildFile section */
		224CDFDDE0539E6C54C94B60 /* libPods-Mirascon.a in Frameworks */ = {isa = PBXBuildFile; fileRef = 19A1EE45298411844E3DA7CB /* libPods-Mirascon.a */; };
		8D06BB9624AA497E00F1A0AF /* SwiftUIView.swift in Sources */ = {isa = PBXBuildFile; fileRef = 8D06BB9524AA497E00F1A0AF /* SwiftUIView.swift */; };
		8D1C077F2460768600F4EC7E /* OldClaimsForm.swift in Sources */ = {isa = PBXBuildFile; fileRef = 8D1C077E2460768600F4EC7E /* OldClaimsForm.swift */; };
		8D1C07812461A05100F4EC7E /* IntroUI.swift in Sources */ = {isa = PBXBuildFile; fileRef = 8D1C07802461A05100F4EC7E /* IntroUI.swift */; };
		8D1C07842461DC2900F4EC7E /* ClaimReason.swift in Sources */ = {isa = PBXBuildFile; fileRef = 8D1C07832461DC2900F4EC7E /* ClaimReason.swift */; };
		8D1C07862461DFFA00F4EC7E /* Walkthrough.swift in Sources */ = {isa = PBXBuildFile; fileRef = 8D1C07852461DFFA00F4EC7E /* Walkthrough.swift */; };
		8D1C07882461E50100F4EC7E /* SaveUserData.swift in Sources */ = {isa = PBXBuildFile; fileRef = 8D1C07872461E50100F4EC7E /* SaveUserData.swift */; };
		8D1C078A2462B8EE00F4EC7E /* NavigationBarImageUI.swift in Sources */ = {isa = PBXBuildFile; fileRef = 8D1C07892462B8EE00F4EC7E /* NavigationBarImageUI.swift */; };
		8D1C078C2462C12500F4EC7E /* NavigationBarWithItemUI.swift in Sources */ = {isa = PBXBuildFile; fileRef = 8D1C078B2462C12500F4EC7E /* NavigationBarWithItemUI.swift */; };
		8D1C078E2462DE4A00F4EC7E /* Rows.swift in Sources */ = {isa = PBXBuildFile; fileRef = 8D1C078D2462DE4A00F4EC7E /* Rows.swift */; };
		8D1C07902462DFA400F4EC7E /* ButtonRow.swift in Sources */ = {isa = PBXBuildFile; fileRef = 8D1C078F2462DFA400F4EC7E /* ButtonRow.swift */; };
		8D1C07922462E52C00F4EC7E /* camera.swift in Sources */ = {isa = PBXBuildFile; fileRef = 8D1C07912462E52C00F4EC7E /* camera.swift */; };
		8D1C07942462E56500F4EC7E /* CaptureImage.swift in Sources */ = {isa = PBXBuildFile; fileRef = 8D1C07932462E56500F4EC7E /* CaptureImage.swift */; };
		8D1C07962462E69A00F4EC7E /* MailView.swift in Sources */ = {isa = PBXBuildFile; fileRef = 8D1C07952462E69A00F4EC7E /* MailView.swift */; };
		8D1C07982462E6D600F4EC7E /* ImagePicker.swift in Sources */ = {isa = PBXBuildFile; fileRef = 8D1C07972462E6D600F4EC7E /* ImagePicker.swift */; };
		8D1C079A2462E71900F4EC7E /* CameraViews.swift in Sources */ = {isa = PBXBuildFile; fileRef = 8D1C07992462E71900F4EC7E /* CameraViews.swift */; };
		8D1C079D2462E92F00F4EC7E /* PhotoCaptureView.swift in Sources */ = {isa = PBXBuildFile; fileRef = 8D1C079C2462E92F00F4EC7E /* PhotoCaptureView.swift */; };
		8D1C07A22463037300F4EC7E /* NextBtn.swift in Sources */ = {isa = PBXBuildFile; fileRef = 8D1C07A12463037200F4EC7E /* NextBtn.swift */; };
		8D1C07A42463082200F4EC7E /* GradientBackgroundStyle.swift in Sources */ = {isa = PBXBuildFile; fileRef = 8D1C07A32463082200F4EC7E /* GradientBackgroundStyle.swift */; };
		8D2138722441FACB0063F001 /* backBtn_view.swift in Sources */ = {isa = PBXBuildFile; fileRef = 8D2138712441FACA0063F001 /* backBtn_view.swift */; };
		8D2138742441FE8F0063F001 /* cellphone_layout.swift in Sources */ = {isa = PBXBuildFile; fileRef = 8D2138732441FE8F0063F001 /* cellphone_layout.swift */; };
		8D2138792442459A0063F001 /* HostingController.swift in Sources */ = {isa = PBXBuildFile; fileRef = 8D2138782442459A0063F001 /* HostingController.swift */; };
		8D25408423ED6B5000707704 /* ChatFirebaseView.swift in Sources */ = {isa = PBXBuildFile; fileRef = 8D25408323ED6B5000707704 /* ChatFirebaseView.swift */; };
		8D25408623ED6B9F00707704 /* DataFire.swift in Sources */ = {isa = PBXBuildFile; fileRef = 8D25408523ED6B9F00707704 /* DataFire.swift */; };
		8D25408823ED6F5D00707704 /* GoogleService-Info.plist in Resources */ = {isa = PBXBuildFile; fileRef = 8D25408723ED6F5D00707704 /* GoogleService-Info.plist */; };
		8D3DD1CF24634068002C2418 /* Review.swift in Sources */ = {isa = PBXBuildFile; fileRef = 8D3DD1CE24634068002C2418 /* Review.swift */; };
		8D527DF0246C95DB00879FAD /* SignInView.swift in Sources */ = {isa = PBXBuildFile; fileRef = 8D527DEF246C95DB00879FAD /* SignInView.swift */; };
		8D527DF2246C95FD00879FAD /* SignUpView.swift in Sources */ = {isa = PBXBuildFile; fileRef = 8D527DF1246C95FD00879FAD /* SignUpView.swift */; };
		8D527DF5246C982900879FAD /* PhoneAuth.swift in Sources */ = {isa = PBXBuildFile; fileRef = 8D527DF4246C982900879FAD /* PhoneAuth.swift */; };
		8D527DF7246C99F100879FAD /* LoginUI.swift in Sources */ = {isa = PBXBuildFile; fileRef = 8D527DF6246C99F100879FAD /* LoginUI.swift */; };
		8D527DF9246C9E3B00879FAD /* LoginRow.swift in Sources */ = {isa = PBXBuildFile; fileRef = 8D527DF8246C9E3B00879FAD /* LoginRow.swift */; };
		8D52E50A2464A96A00B1FA33 /* LabelTextFields.swift in Sources */ = {isa = PBXBuildFile; fileRef = 8D52E5092464A96A00B1FA33 /* LabelTextFields.swift */; };
		8D55D9A623E0807800B0DC4B /* ClaimsCenter.swift in Sources */ = {isa = PBXBuildFile; fileRef = 8D55D9A523E0807800B0DC4B /* ClaimsCenter.swift */; };
		8D55D9A923E0852700B0DC4B /* ClaimsCenterData.json in Resources */ = {isa = PBXBuildFile; fileRef = 8D55D9A823E0852700B0DC4B /* ClaimsCenterData.json */; };
		8D55D9B323E08DE900B0DC4B /* UserData.swift in Sources */ = {isa = PBXBuildFile; fileRef = 8D55D9B223E08DE900B0DC4B /* UserData.swift */; };
		8D55D9B523E1EFFC00B0DC4B /* uploadPhotos.swift in Sources */ = {isa = PBXBuildFile; fileRef = 8D55D9B423E1EFFC00B0DC4B /* uploadPhotos.swift */; };
		8D55D9B723E201FD00B0DC4B /* GlassDamage.swift in Sources */ = {isa = PBXBuildFile; fileRef = 8D55D9B623E201FD00B0DC4B /* GlassDamage.swift */; };
		8D55D9B923E208E200B0DC4B /* Coordinator.swift in Sources */ = {isa = PBXBuildFile; fileRef = 8D55D9B823E208E100B0DC4B /* Coordinator.swift */; };
		8D55D9BB23E2FDEB00B0DC4B /* MainScreen.swift in Sources */ = {isa = PBXBuildFile; fileRef = 8D55D9BA23E2FDEA00B0DC4B /* MainScreen.swift */; };
		8D55D9BD23E2FF1800B0DC4B /* ViewRouter.swift in Sources */ = {isa = PBXBuildFile; fileRef = 8D55D9BC23E2FF1800B0DC4B /* ViewRouter.swift */; };
		8D55D9BF23E34FC000B0DC4B /* LaunchLogo.swift in Sources */ = {isa = PBXBuildFile; fileRef = 8D55D9BE23E34FC000B0DC4B /* LaunchLogo.swift */; };
		8D55D9C323E38BD500B0DC4B /* FirstLaunch.swift in Sources */ = {isa = PBXBuildFile; fileRef = 8D55D9C223E38BD500B0DC4B /* FirstLaunch.swift */; };
		8D5742AC242B47260018160B /* GoogleMapsView.swift in Sources */ = {isa = PBXBuildFile; fileRef = 8D5742AB242B47260018160B /* GoogleMapsView.swift */; };
		8D5742AE242B89290018160B /* Podfile in Resources */ = {isa = PBXBuildFile; fileRef = 8D5742AD242B89290018160B /* Podfile */; };
		8DA40AAA2467ED9700EFB8D9 /* Preview.swift in Sources */ = {isa = PBXBuildFile; fileRef = 8DA40AA92467ED9700EFB8D9 /* Preview.swift */; };
		8DA40AAC2467EF5A00EFB8D9 /* PreviewRow.swift in Sources */ = {isa = PBXBuildFile; fileRef = 8DA40AAB2467EF5A00EFB8D9 /* PreviewRow.swift */; };
		8DA40AAE2467F48900EFB8D9 /* AGB.swift in Sources */ = {isa = PBXBuildFile; fileRef = 8DA40AAD2467F48900EFB8D9 /* AGB.swift */; };
		8DB2E1DE243B54DC00E3A1BD /* ColorUI.swift in Sources */ = {isa = PBXBuildFile; fileRef = 8DB2E1DD243B54DC00E3A1BD /* ColorUI.swift */; };
		8DB2E1E0243C920200E3A1BD /* RadialGradientUI.swift in Sources */ = {isa = PBXBuildFile; fileRef = 8DB2E1DF243C920200E3A1BD /* RadialGradientUI.swift */; };
		8DB2E1E2243C93DB00E3A1BD /* LogoBarWithLabel.swift in Sources */ = {isa = PBXBuildFile; fileRef = 8DB2E1E1243C93DB00E3A1BD /* LogoBarWithLabel.swift */; };
		8DB2E1E4243C9AE900E3A1BD /* LogoBar.swift in Sources */ = {isa = PBXBuildFile; fileRef = 8DB2E1E3243C9AE900E3A1BD /* LogoBar.swift */; };
		8DB2E1E6243DC35300E3A1BD /* dimens.swift in Sources */ = {isa = PBXBuildFile; fileRef = 8DB2E1E5243DC35300E3A1BD /* dimens.swift */; };
		8DB2E1E9243DC39300E3A1BD /* strings.swift in Sources */ = {isa = PBXBuildFile; fileRef = 8DB2E1E8243DC39300E3A1BD /* strings.swift */; };
		8DB4012C24AA64C6008FB572 /* CreateAccount.swift in Sources */ = {isa = PBXBuildFile; fileRef = 8DB4012B24AA64C6008FB572 /* CreateAccount.swift */; };
		8DB4012E24AA69CF008FB572 /* ForgotPassword.swift in Sources */ = {isa = PBXBuildFile; fileRef = 8DB4012D24AA69CF008FB572 /* ForgotPassword.swift */; };
		8DB4013024AA78DD008FB572 /* WalkThroughBtn.swift in Sources */ = {isa = PBXBuildFile; fileRef = 8DB4012F24AA78DD008FB572 /* WalkThroughBtn.swift */; };
		8DB99D3C23AD247300AE483B /* AppDelegate.swift in Sources */ = {isa = PBXBuildFile; fileRef = 8DB99D3B23AD247300AE483B /* AppDelegate.swift */; };
		8DB99D3E23AD247300AE483B /* SceneDelegate.swift in Sources */ = {isa = PBXBuildFile; fileRef = 8DB99D3D23AD247300AE483B /* SceneDelegate.swift */; };
		8DB99D4023AD247300AE483B /* ContentView.swift in Sources */ = {isa = PBXBuildFile; fileRef = 8DB99D3F23AD247300AE483B /* ContentView.swift */; };
		8DB99D4223AD247600AE483B /* Assets.xcassets in Resources */ = {isa = PBXBuildFile; fileRef = 8DB99D4123AD247600AE483B /* Assets.xcassets */; };
		8DB99D4523AD247600AE483B /* Preview Assets.xcassets in Resources */ = {isa = PBXBuildFile; fileRef = 8DB99D4423AD247600AE483B /* Preview Assets.xcassets */; };
		8DB99D4823AD247600AE483B /* LaunchScreen.storyboard in Resources */ = {isa = PBXBuildFile; fileRef = 8DB99D4623AD247600AE483B /* LaunchScreen.storyboard */; };
		8DB99D5023AD255300AE483B /* EmergencyUI.swift in Sources */ = {isa = PBXBuildFile; fileRef = 8DB99D4F23AD255300AE483B /* EmergencyUI.swift */; };
		8DB99D5223AD25F500AE483B /* RoadsideAssistanceUI.swift in Sources */ = {isa = PBXBuildFile; fileRef = 8DB99D5123AD25F500AE483B /* RoadsideAssistanceUI.swift */; };
		8DB99D7623AE154400AE483B /* PlayerView.swift in Sources */ = {isa = PBXBuildFile; fileRef = 8DB99D7523AE154400AE483B /* PlayerView.swift */; };
		8DB99D7F23AE47F000AE483B /* PreviewIntroduction.swift in Sources */ = {isa = PBXBuildFile; fileRef = 8DB99D7E23AE47F000AE483B /* PreviewIntroduction.swift */; };
		8DB99D8523AE87B100AE483B /* introductionData.json in Resources */ = {isa = PBXBuildFile; fileRef = 8DB99D8423AE87B100AE483B /* introductionData.json */; };
		8DB99D8723AE881800AE483B /* Data.swift in Sources */ = {isa = PBXBuildFile; fileRef = 8DB99D8623AE881800AE483B /* Data.swift */; };
		8DB99D9323AEB69900AE483B /* Introduction.swift in Sources */ = {isa = PBXBuildFile; fileRef = 8DB99D9223AEB69900AE483B /* Introduction.swift */; };
		8DBD931023ECC87F0034E918 /* LocationManager.swift in Sources */ = {isa = PBXBuildFile; fileRef = 8DBD930F23ECC87F0034E918 /* LocationManager.swift */; };
		8DC0FF8323EEFA0400B8401F /* ListMessage.swift in Sources */ = {isa = PBXBuildFile; fileRef = 8DC0FF8223EEFA0400B8401F /* ListMessage.swift */; };
		8DC0FF8523EEFA4500B8401F /* Messagepage.swift in Sources */ = {isa = PBXBuildFile; fileRef = 8DC0FF8423EEFA4500B8401F /* Messagepage.swift */; };
		8DC3835723EC52BA00000039 /* GoogleMap.swift in Sources */ = {isa = PBXBuildFile; fileRef = 8DC3835623EC52BA00000039 /* GoogleMap.swift */; };
		8DC95CFA247194B000197C0F /* WebView.swift in Sources */ = {isa = PBXBuildFile; fileRef = 8DC95CF9247194B000197C0F /* WebView.swift */; };
		8DC95CFD2471A7D500197C0F /* LogOutBtn.swift in Sources */ = {isa = PBXBuildFile; fileRef = 8DC95CFC2471A7D500197C0F /* LogOutBtn.swift */; };
		8DC95D002471AAFC00197C0F /* ScreenSizeFrame.swift in Sources */ = {isa = PBXBuildFile; fileRef = 8DC95CFF2471AAFC00197C0F /* ScreenSizeFrame.swift */; };
		8DC95D022471D52C00197C0F /* ProfilRow.swift in Sources */ = {isa = PBXBuildFile; fileRef = 8DC95D012471D52C00197C0F /* ProfilRow.swift */; };
		8DC95D042471D83100197C0F /* LogOutView.swift in Sources */ = {isa = PBXBuildFile; fileRef = 8DC95D032471D83100197C0F /* LogOutView.swift */; };
		8DC95D062471DB2300197C0F /* AlertIdentifier.swift in Sources */ = {isa = PBXBuildFile; fileRef = 8DC95D052471DB2300197C0F /* AlertIdentifier.swift */; };
		8DD277D224867E0200B9F9FB /* .gitignore in Resources */ = {isa = PBXBuildFile; fileRef = 8DD277D124867E0200B9F9FB /* .gitignore */; };
		8DD277D424867F5B00B9F9FB /* Settings.bundle in Resources */ = {isa = PBXBuildFile; fileRef = 8DD277D324867F5B00B9F9FB /* Settings.bundle */; };
		8DD277D62486A78400B9F9FB /* TestNumbPad.swift in Sources */ = {isa = PBXBuildFile; fileRef = 8DD277D52486A78400B9F9FB /* TestNumbPad.swift */; };
		8DD277D82486B16500B9F9FB /* ActivityIndicator.swift in Sources */ = {isa = PBXBuildFile; fileRef = 8DD277D72486B16500B9F9FB /* ActivityIndicator.swift */; };
		8DD277DA2486B49400B9F9FB /* KeyboardResponder.swift in Sources */ = {isa = PBXBuildFile; fileRef = 8DD277D92486B49400B9F9FB /* KeyboardResponder.swift */; };
		8DD277DC2486E2AD00B9F9FB /* LabelTextField.swift in Sources */ = {isa = PBXBuildFile; fileRef = 8DD277DB2486E2AD00B9F9FB /* LabelTextField.swift */; };
		8DD277DE2486E34300B9F9FB /* claimsFormRow.swift in Sources */ = {isa = PBXBuildFile; fileRef = 8DD277DD2486E34300B9F9FB /* claimsFormRow.swift */; };
		8DDAD9F923E05774001409EC /* ClaimsForm.swift in Sources */ = {isa = PBXBuildFile; fileRef = 8DDAD9F823E05774001409EC /* ClaimsForm.swift */; };
		8DEBB2042415297800622D88 /* Profil.swift in Sources */ = {isa = PBXBuildFile; fileRef = 8DEBB2032415297800622D88 /* Profil.swift */; };
/* End PBXBuildFile section */

/* Begin PBXCopyFilesBuildPhase section */
		8D0C129623F0914D00C2D374 /* Embed App Extensions */ = {
			isa = PBXCopyFilesBuildPhase;
			buildActionMask = 2147483647;
			dstPath = "";
			dstSubfolderSpec = 13;
			files = (
			);
			name = "Embed App Extensions";
			runOnlyForDeploymentPostprocessing = 0;
		};
/* End PBXCopyFilesBuildPhase section */

/* Begin PBXFileReference section */
		19A1EE45298411844E3DA7CB /* libPods-Mirascon.a */ = {isa = PBXFileReference; explicitFileType = archive.ar; includeInIndex = 0; path = "libPods-Mirascon.a"; sourceTree = BUILT_PRODUCTS_DIR; };
		7BBE39B07A2DDCBAD7B4A5ED /* Pods-Mirascon.release.xcconfig */ = {isa = PBXFileReference; includeInIndex = 1; lastKnownFileType = text.xcconfig; name = "Pods-Mirascon.release.xcconfig"; path = "Target Support Files/Pods-Mirascon/Pods-Mirascon.release.xcconfig"; sourceTree = "<group>"; };
		8D06BB9524AA497E00F1A0AF /* SwiftUIView.swift */ = {isa = PBXFileReference; lastKnownFileType = sourcecode.swift; path = SwiftUIView.swift; sourceTree = "<group>"; };
		8D0C128823F0914C00C2D374 /* UserNotifications.framework */ = {isa = PBXFileReference; lastKnownFileType = wrapper.framework; name = UserNotifications.framework; path = System/Library/Frameworks/UserNotifications.framework; sourceTree = SDKROOT; };
		8D0C128A23F0914D00C2D374 /* UserNotificationsUI.framework */ = {isa = PBXFileReference; lastKnownFileType = wrapper.framework; name = UserNotificationsUI.framework; path = System/Library/Frameworks/UserNotificationsUI.framework; sourceTree = SDKROOT; };
		8D0ECDBD246479BA00193008 /* absl.framework */ = {isa = PBXFileReference; explicitFileType = wrapper.framework; path = absl.framework; sourceTree = BUILT_PRODUCTS_DIR; };
		8D0ECDBF246479CD00193008 /* grpc.framework */ = {isa = PBXFileReference; explicitFileType = wrapper.framework; path = grpc.framework; sourceTree = BUILT_PRODUCTS_DIR; };
		8D0ECDC1246479D300193008 /* grpcpp.framework */ = {isa = PBXFileReference; explicitFileType = wrapper.framework; path = grpcpp.framework; sourceTree = BUILT_PRODUCTS_DIR; };
		8D0ECDC3246479DE00193008 /* leveldb.framework */ = {isa = PBXFileReference; explicitFileType = wrapper.framework; path = leveldb.framework; sourceTree = BUILT_PRODUCTS_DIR; };
		8D0ECDC524647A1400193008 /* FirebaseCore.framework */ = {isa = PBXFileReference; explicitFileType = wrapper.framework; path = FirebaseCore.framework; sourceTree = BUILT_PRODUCTS_DIR; };
		8D0ECDC724647A1B00193008 /* FirebaseFirestore.framework */ = {isa = PBXFileReference; explicitFileType = wrapper.framework; path = FirebaseFirestore.framework; sourceTree = BUILT_PRODUCTS_DIR; };
		8D0ECDC924647A2900193008 /* FirebaseCoreDiagnostics.framework */ = {isa = PBXFileReference; explicitFileType = wrapper.framework; path = FirebaseCoreDiagnostics.framework; sourceTree = BUILT_PRODUCTS_DIR; };
		8D0ECDCB24647A5E00193008 /* nanopb.framework */ = {isa = PBXFileReference; explicitFileType = wrapper.framework; path = nanopb.framework; sourceTree = BUILT_PRODUCTS_DIR; };
		8D1C077E2460768600F4EC7E /* OldClaimsForm.swift */ = {isa = PBXFileReference; lastKnownFileType = sourcecode.swift; path = OldClaimsForm.swift; sourceTree = "<group>"; };
		8D1C07802461A05100F4EC7E /* IntroUI.swift */ = {isa = PBXFileReference; lastKnownFileType = sourcecode.swift; path = IntroUI.swift; sourceTree = "<group>"; };
		8D1C07832461DC2900F4EC7E /* ClaimReason.swift */ = {isa = PBXFileReference; lastKnownFileType = sourcecode.swift; path = ClaimReason.swift; sourceTree = "<group>"; };
		8D1C07852461DFFA00F4EC7E /* Walkthrough.swift */ = {isa = PBXFileReference; lastKnownFileType = sourcecode.swift; path = Walkthrough.swift; sourceTree = "<group>"; };
		8D1C07872461E50100F4EC7E /* SaveUserData.swift */ = {isa = PBXFileReference; lastKnownFileType = sourcecode.swift; path = SaveUserData.swift; sourceTree = "<group>"; };
		8D1C07892462B8EE00F4EC7E /* NavigationBarImageUI.swift */ = {isa = PBXFileReference; lastKnownFileType = sourcecode.swift; path = NavigationBarImageUI.swift; sourceTree = "<group>"; };
		8D1C078B2462C12500F4EC7E /* NavigationBarWithItemUI.swift */ = {isa = PBXFileReference; lastKnownFileType = sourcecode.swift; path = NavigationBarWithItemUI.swift; sourceTree = "<group>"; };
		8D1C078D2462DE4A00F4EC7E /* Rows.swift */ = {isa = PBXFileReference; lastKnownFileType = sourcecode.swift; path = Rows.swift; sourceTree = "<group>"; };
		8D1C078F2462DFA400F4EC7E /* ButtonRow.swift */ = {isa = PBXFileReference; lastKnownFileType = sourcecode.swift; path = ButtonRow.swift; sourceTree = "<group>"; };
		8D1C07912462E52C00F4EC7E /* camera.swift */ = {isa = PBXFileReference; lastKnownFileType = sourcecode.swift; path = camera.swift; sourceTree = "<group>"; };
		8D1C07932462E56500F4EC7E /* CaptureImage.swift */ = {isa = PBXFileReference; lastKnownFileType = sourcecode.swift; path = CaptureImage.swift; sourceTree = "<group>"; };
		8D1C07952462E69A00F4EC7E /* MailView.swift */ = {isa = PBXFileReference; lastKnownFileType = sourcecode.swift; path = MailView.swift; sourceTree = "<group>"; };
		8D1C07972462E6D600F4EC7E /* ImagePicker.swift */ = {isa = PBXFileReference; lastKnownFileType = sourcecode.swift; path = ImagePicker.swift; sourceTree = "<group>"; };
		8D1C07992462E71900F4EC7E /* CameraViews.swift */ = {isa = PBXFileReference; lastKnownFileType = sourcecode.swift; path = CameraViews.swift; sourceTree = "<group>"; };
		8D1C079C2462E92F00F4EC7E /* PhotoCaptureView.swift */ = {isa = PBXFileReference; lastKnownFileType = sourcecode.swift; path = PhotoCaptureView.swift; sourceTree = "<group>"; };
		8D1C07A12463037200F4EC7E /* NextBtn.swift */ = {isa = PBXFileReference; lastKnownFileType = sourcecode.swift; path = NextBtn.swift; sourceTree = "<group>"; };
		8D1C07A32463082200F4EC7E /* GradientBackgroundStyle.swift */ = {isa = PBXFileReference; lastKnownFileType = sourcecode.swift; path = GradientBackgroundStyle.swift; sourceTree = "<group>"; };
		8D2138712441FACA0063F001 /* backBtn_view.swift */ = {isa = PBXFileReference; lastKnownFileType = sourcecode.swift; path = backBtn_view.swift; sourceTree = "<group>"; };
		8D2138732441FE8F0063F001 /* cellphone_layout.swift */ = {isa = PBXFileReference; lastKnownFileType = sourcecode.swift; path = cellphone_layout.swift; sourceTree = "<group>"; };
		8D2138782442459A0063F001 /* HostingController.swift */ = {isa = PBXFileReference; lastKnownFileType = sourcecode.swift; path = HostingController.swift; sourceTree = "<group>"; };
		8D2138822442547E0063F001 /* MirasconTests.swift */ = {isa = PBXFileReference; lastKnownFileType = sourcecode.swift; path = MirasconTests.swift; sourceTree = "<group>"; };
		8D2138842442547E0063F001 /* Info.plist */ = {isa = PBXFileReference; lastKnownFileType = text.plist.xml; path = Info.plist; sourceTree = "<group>"; };
		8D25408323ED6B5000707704 /* ChatFirebaseView.swift */ = {isa = PBXFileReference; fileEncoding = 4; lastKnownFileType = sourcecode.swift; path = ChatFirebaseView.swift; sourceTree = "<group>"; };
		8D25408523ED6B9F00707704 /* DataFire.swift */ = {isa = PBXFileReference; lastKnownFileType = sourcecode.swift; path = DataFire.swift; sourceTree = "<group>"; };
		8D25408723ED6F5D00707704 /* GoogleService-Info.plist */ = {isa = PBXFileReference; fileEncoding = 4; lastKnownFileType = text.plist.xml; path = "GoogleService-Info.plist"; sourceTree = "<group>"; };
		8D3DD1CE24634068002C2418 /* Review.swift */ = {isa = PBXFileReference; lastKnownFileType = sourcecode.swift; path = Review.swift; sourceTree = "<group>"; };
		8D527DEF246C95DB00879FAD /* SignInView.swift */ = {isa = PBXFileReference; lastKnownFileType = sourcecode.swift; path = SignInView.swift; sourceTree = "<group>"; };
		8D527DF1246C95FD00879FAD /* SignUpView.swift */ = {isa = PBXFileReference; lastKnownFileType = sourcecode.swift; path = SignUpView.swift; sourceTree = "<group>"; };
		8D527DF3246C97AD00879FAD /* Mirascon.entitlements */ = {isa = PBXFileReference; lastKnownFileType = text.plist.entitlements; path = Mirascon.entitlements; sourceTree = "<group>"; };
		8D527DF4246C982900879FAD /* PhoneAuth.swift */ = {isa = PBXFileReference; lastKnownFileType = sourcecode.swift; path = PhoneAuth.swift; sourceTree = "<group>"; };
		8D527DF6246C99F100879FAD /* LoginUI.swift */ = {isa = PBXFileReference; lastKnownFileType = sourcecode.swift; path = LoginUI.swift; sourceTree = "<group>"; };
		8D527DF8246C9E3B00879FAD /* LoginRow.swift */ = {isa = PBXFileReference; lastKnownFileType = sourcecode.swift; path = LoginRow.swift; sourceTree = "<group>"; };
		8D52E5092464A96A00B1FA33 /* LabelTextFields.swift */ = {isa = PBXFileReference; lastKnownFileType = sourcecode.swift; path = LabelTextFields.swift; sourceTree = "<group>"; };
		8D52E50F246551B400B1FA33 /* libPods-Mirascon.a */ = {isa = PBXFileReference; explicitFileType = archive.ar; path = "libPods-Mirascon.a"; sourceTree = BUILT_PRODUCTS_DIR; };
		8D55D9A523E0807800B0DC4B /* ClaimsCenter.swift */ = {isa = PBXFileReference; lastKnownFileType = sourcecode.swift; path = ClaimsCenter.swift; sourceTree = "<group>"; };
		8D55D9A823E0852700B0DC4B /* ClaimsCenterData.json */ = {isa = PBXFileReference; fileEncoding = 4; lastKnownFileType = text.json; path = ClaimsCenterData.json; sourceTree = "<group>"; };
		8D55D9B223E08DE900B0DC4B /* UserData.swift */ = {isa = PBXFileReference; lastKnownFileType = sourcecode.swift; path = UserData.swift; sourceTree = "<group>"; };
		8D55D9B423E1EFFC00B0DC4B /* uploadPhotos.swift */ = {isa = PBXFileReference; lastKnownFileType = sourcecode.swift; path = uploadPhotos.swift; sourceTree = "<group>"; };
		8D55D9B623E201FD00B0DC4B /* GlassDamage.swift */ = {isa = PBXFileReference; lastKnownFileType = sourcecode.swift; path = GlassDamage.swift; sourceTree = "<group>"; };
		8D55D9B823E208E100B0DC4B /* Coordinator.swift */ = {isa = PBXFileReference; lastKnownFileType = sourcecode.swift; path = Coordinator.swift; sourceTree = "<group>"; };
		8D55D9BA23E2FDEA00B0DC4B /* MainScreen.swift */ = {isa = PBXFileReference; lastKnownFileType = sourcecode.swift; path = MainScreen.swift; sourceTree = "<group>"; };
		8D55D9BC23E2FF1800B0DC4B /* ViewRouter.swift */ = {isa = PBXFileReference; lastKnownFileType = sourcecode.swift; path = ViewRouter.swift; sourceTree = "<group>"; };
		8D55D9BE23E34FC000B0DC4B /* LaunchLogo.swift */ = {isa = PBXFileReference; lastKnownFileType = sourcecode.swift; path = LaunchLogo.swift; sourceTree = "<group>"; };
		8D55D9C223E38BD500B0DC4B /* FirstLaunch.swift */ = {isa = PBXFileReference; lastKnownFileType = sourcecode.swift; path = FirstLaunch.swift; sourceTree = "<group>"; };
		8D5742AB242B47260018160B /* GoogleMapsView.swift */ = {isa = PBXFileReference; lastKnownFileType = sourcecode.swift; path = GoogleMapsView.swift; sourceTree = "<group>"; };
		8D5742AD242B89290018160B /* Podfile */ = {isa = PBXFileReference; fileEncoding = 4; lastKnownFileType = text; path = Podfile; sourceTree = "<group>"; xcLanguageSpecificationIdentifier = xcode.lang.ruby; };
		8D5742AF242BB0D20018160B /* Mirascon.app */ = {isa = PBXFileReference; explicitFileType = wrapper.application; includeInIndex = 0; path = Mirascon.app; sourceTree = BUILT_PRODUCTS_DIR; };
		8DA40AA92467ED9700EFB8D9 /* Preview.swift */ = {isa = PBXFileReference; lastKnownFileType = sourcecode.swift; path = Preview.swift; sourceTree = "<group>"; };
		8DA40AAB2467EF5A00EFB8D9 /* PreviewRow.swift */ = {isa = PBXFileReference; lastKnownFileType = sourcecode.swift; path = PreviewRow.swift; sourceTree = "<group>"; };
		8DA40AAD2467F48900EFB8D9 /* AGB.swift */ = {isa = PBXFileReference; lastKnownFileType = sourcecode.swift; path = AGB.swift; sourceTree = "<group>"; };
		8DB2E1DD243B54DC00E3A1BD /* ColorUI.swift */ = {isa = PBXFileReference; lastKnownFileType = sourcecode.swift; path = ColorUI.swift; sourceTree = "<group>"; };
		8DB2E1DF243C920200E3A1BD /* RadialGradientUI.swift */ = {isa = PBXFileReference; lastKnownFileType = sourcecode.swift; path = RadialGradientUI.swift; sourceTree = "<group>"; };
		8DB2E1E1243C93DB00E3A1BD /* LogoBarWithLabel.swift */ = {isa = PBXFileReference; lastKnownFileType = sourcecode.swift; path = LogoBarWithLabel.swift; sourceTree = "<group>"; };
		8DB2E1E3243C9AE900E3A1BD /* LogoBar.swift */ = {isa = PBXFileReference; lastKnownFileType = sourcecode.swift; path = LogoBar.swift; sourceTree = "<group>"; };
		8DB2E1E5243DC35300E3A1BD /* dimens.swift */ = {isa = PBXFileReference; lastKnownFileType = sourcecode.swift; path = dimens.swift; sourceTree = "<group>"; };
		8DB2E1E8243DC39300E3A1BD /* strings.swift */ = {isa = PBXFileReference; lastKnownFileType = sourcecode.swift; path = strings.swift; sourceTree = "<group>"; };
		8DB4012B24AA64C6008FB572 /* CreateAccount.swift */ = {isa = PBXFileReference; lastKnownFileType = sourcecode.swift; path = CreateAccount.swift; sourceTree = "<group>"; };
		8DB4012D24AA69CF008FB572 /* ForgotPassword.swift */ = {isa = PBXFileReference; lastKnownFileType = sourcecode.swift; path = ForgotPassword.swift; sourceTree = "<group>"; };
		8DB4012F24AA78DD008FB572 /* WalkThroughBtn.swift */ = {isa = PBXFileReference; lastKnownFileType = sourcecode.swift; path = WalkThroughBtn.swift; sourceTree = "<group>"; };
		8DB99D3B23AD247300AE483B /* AppDelegate.swift */ = {isa = PBXFileReference; lastKnownFileType = sourcecode.swift; path = AppDelegate.swift; sourceTree = "<group>"; };
		8DB99D3D23AD247300AE483B /* SceneDelegate.swift */ = {isa = PBXFileReference; lastKnownFileType = sourcecode.swift; path = SceneDelegate.swift; sourceTree = "<group>"; };
		8DB99D3F23AD247300AE483B /* ContentView.swift */ = {isa = PBXFileReference; lastKnownFileType = sourcecode.swift; path = ContentView.swift; sourceTree = "<group>"; };
		8DB99D4123AD247600AE483B /* Assets.xcassets */ = {isa = PBXFileReference; lastKnownFileType = folder.assetcatalog; path = Assets.xcassets; sourceTree = "<group>"; };
		8DB99D4423AD247600AE483B /* Preview Assets.xcassets */ = {isa = PBXFileReference; lastKnownFileType = folder.assetcatalog; path = "Preview Assets.xcassets"; sourceTree = "<group>"; };
		8DB99D4723AD247600AE483B /* Base */ = {isa = PBXFileReference; lastKnownFileType = file.storyboard; name = Base; path = Base.lproj/LaunchScreen.storyboard; sourceTree = "<group>"; };
		8DB99D4923AD247600AE483B /* Info.plist */ = {isa = PBXFileReference; lastKnownFileType = text.plist.xml; path = Info.plist; sourceTree = "<group>"; };
		8DB99D4F23AD255300AE483B /* EmergencyUI.swift */ = {isa = PBXFileReference; lastKnownFileType = sourcecode.swift; path = EmergencyUI.swift; sourceTree = "<group>"; };
		8DB99D5123AD25F500AE483B /* RoadsideAssistanceUI.swift */ = {isa = PBXFileReference; lastKnownFileType = sourcecode.swift; path = RoadsideAssistanceUI.swift; sourceTree = "<group>"; };
		8DB99D7523AE154400AE483B /* PlayerView.swift */ = {isa = PBXFileReference; lastKnownFileType = sourcecode.swift; path = PlayerView.swift; sourceTree = "<group>"; };
		8DB99D7E23AE47F000AE483B /* PreviewIntroduction.swift */ = {isa = PBXFileReference; lastKnownFileType = sourcecode.swift; path = PreviewIntroduction.swift; sourceTree = "<group>"; };
		8DB99D8423AE87B100AE483B /* introductionData.json */ = {isa = PBXFileReference; fileEncoding = 4; lastKnownFileType = text.json; path = introductionData.json; sourceTree = "<group>"; };
		8DB99D8623AE881800AE483B /* Data.swift */ = {isa = PBXFileReference; fileEncoding = 4; lastKnownFileType = sourcecode.swift; path = Data.swift; sourceTree = "<group>"; };
		8DB99D9223AEB69900AE483B /* Introduction.swift */ = {isa = PBXFileReference; fileEncoding = 4; lastKnownFileType = sourcecode.swift; path = Introduction.swift; sourceTree = "<group>"; };
		8DBD930F23ECC87F0034E918 /* LocationManager.swift */ = {isa = PBXFileReference; lastKnownFileType = sourcecode.swift; path = LocationManager.swift; sourceTree = "<group>"; };
		8DC0FF8223EEFA0400B8401F /* ListMessage.swift */ = {isa = PBXFileReference; lastKnownFileType = sourcecode.swift; path = ListMessage.swift; sourceTree = "<group>"; };
		8DC0FF8423EEFA4500B8401F /* Messagepage.swift */ = {isa = PBXFileReference; lastKnownFileType = sourcecode.swift; path = Messagepage.swift; sourceTree = "<group>"; };
		8DC3835623EC52BA00000039 /* GoogleMap.swift */ = {isa = PBXFileReference; lastKnownFileType = sourcecode.swift; path = GoogleMap.swift; sourceTree = "<group>"; };
		8DC95CF9247194B000197C0F /* WebView.swift */ = {isa = PBXFileReference; lastKnownFileType = sourcecode.swift; path = WebView.swift; sourceTree = "<group>"; };
		8DC95CFC2471A7D500197C0F /* LogOutBtn.swift */ = {isa = PBXFileReference; lastKnownFileType = sourcecode.swift; name = LogOutBtn.swift; path = Mirascon/Utilities/LogOutBtn.swift; sourceTree = SOURCE_ROOT; };
		8DC95CFF2471AAFC00197C0F /* ScreenSizeFrame.swift */ = {isa = PBXFileReference; lastKnownFileType = sourcecode.swift; path = ScreenSizeFrame.swift; sourceTree = "<group>"; };
		8DC95D012471D52C00197C0F /* ProfilRow.swift */ = {isa = PBXFileReference; lastKnownFileType = sourcecode.swift; path = ProfilRow.swift; sourceTree = "<group>"; };
		8DC95D032471D83100197C0F /* LogOutView.swift */ = {isa = PBXFileReference; lastKnownFileType = sourcecode.swift; path = LogOutView.swift; sourceTree = "<group>"; };
		8DC95D052471DB2300197C0F /* AlertIdentifier.swift */ = {isa = PBXFileReference; lastKnownFileType = sourcecode.swift; path = AlertIdentifier.swift; sourceTree = "<group>"; };
		8DD277D124867E0200B9F9FB /* .gitignore */ = {isa = PBXFileReference; lastKnownFileType = text; path = .gitignore; sourceTree = "<group>"; };
		8DD277D324867F5B00B9F9FB /* Settings.bundle */ = {isa = PBXFileReference; lastKnownFileType = "wrapper.plug-in"; path = Settings.bundle; sourceTree = "<group>"; };
		8DD277D52486A78400B9F9FB /* TestNumbPad.swift */ = {isa = PBXFileReference; lastKnownFileType = sourcecode.swift; path = TestNumbPad.swift; sourceTree = "<group>"; };
		8DD277D72486B16500B9F9FB /* ActivityIndicator.swift */ = {isa = PBXFileReference; lastKnownFileType = sourcecode.swift; path = ActivityIndicator.swift; sourceTree = "<group>"; };
		8DD277D92486B49400B9F9FB /* KeyboardResponder.swift */ = {isa = PBXFileReference; lastKnownFileType = sourcecode.swift; path = KeyboardResponder.swift; sourceTree = "<group>"; };
		8DD277DB2486E2AD00B9F9FB /* LabelTextField.swift */ = {isa = PBXFileReference; lastKnownFileType = sourcecode.swift; path = LabelTextField.swift; sourceTree = "<group>"; };
		8DD277DD2486E34300B9F9FB /* claimsFormRow.swift */ = {isa = PBXFileReference; lastKnownFileType = sourcecode.swift; path = claimsFormRow.swift; sourceTree = "<group>"; };
		8DDAD9F823E05774001409EC /* ClaimsForm.swift */ = {isa = PBXFileReference; lastKnownFileType = sourcecode.swift; path = ClaimsForm.swift; sourceTree = "<group>"; };
		8DEBB2032415297800622D88 /* Profil.swift */ = {isa = PBXFileReference; lastKnownFileType = sourcecode.swift; path = Profil.swift; sourceTree = "<group>"; };
		B6D56FEE086A1E36BA3E6D41 /* Pods-Mirascon.debug.xcconfig */ = {isa = PBXFileReference; includeInIndex = 1; lastKnownFileType = text.xcconfig; name = "Pods-Mirascon.debug.xcconfig"; path = "Target Support Files/Pods-Mirascon/Pods-Mirascon.debug.xcconfig"; sourceTree = "<group>"; };
/* End PBXFileReference section */

/* Begin PBXFrameworksBuildPhase section */
		8DB99D3523AD247300AE483B /* Frameworks */ = {
			isa = PBXFrameworksBuildPhase;
			buildActionMask = 2147483647;
			files = (
				224CDFDDE0539E6C54C94B60 /* libPods-Mirascon.a in Frameworks */,
			);
			runOnlyForDeploymentPostprocessing = 0;
		};
/* End PBXFrameworksBuildPhase section */

/* Begin PBXGroup section */
		28826040C02C704E37279E5D /* Frameworks */ = {
			isa = PBXGroup;
			children = (
				8D52E50F246551B400B1FA33 /* libPods-Mirascon.a */,
				8D0ECDCB24647A5E00193008 /* nanopb.framework */,
				8D0ECDC924647A2900193008 /* FirebaseCoreDiagnostics.framework */,
				8D0ECDC724647A1B00193008 /* FirebaseFirestore.framework */,
				8D0ECDC524647A1400193008 /* FirebaseCore.framework */,
				8D0ECDC3246479DE00193008 /* leveldb.framework */,
				8D0ECDC1246479D300193008 /* grpcpp.framework */,
				8D0ECDBF246479CD00193008 /* grpc.framework */,
				8D0ECDBD246479BA00193008 /* absl.framework */,
				8D0C128823F0914C00C2D374 /* UserNotifications.framework */,
				8D0C128A23F0914D00C2D374 /* UserNotificationsUI.framework */,
				19A1EE45298411844E3DA7CB /* libPods-Mirascon.a */,
			);
			name = Frameworks;
			sourceTree = "<group>";
		};
		4343397D5F3C6F8928F116CE /* Pods */ = {
			isa = PBXGroup;
			children = (
				B6D56FEE086A1E36BA3E6D41 /* Pods-Mirascon.debug.xcconfig */,
				7BBE39B07A2DDCBAD7B4A5ED /* Pods-Mirascon.release.xcconfig */,
			);
			path = Pods;
			sourceTree = "<group>";
		};
		8D1C07822461DBF400F4EC7E /* ClaimsForm */ = {
			isa = PBXGroup;
			children = (
				8DDAD9F823E05774001409EC /* ClaimsForm.swift */,
				8D1C07832461DC2900F4EC7E /* ClaimReason.swift */,
				8D1C07912462E52C00F4EC7E /* camera.swift */,
				8D5742AB242B47260018160B /* GoogleMapsView.swift */,
				8D3DD1CE24634068002C2418 /* Review.swift */,
				8D06BB9524AA497E00F1A0AF /* SwiftUIView.swift */,
			);
			path = ClaimsForm;
			sourceTree = "<group>";
		};
		8D1C079B2462E91500F4EC7E /* Camera */ = {
			isa = PBXGroup;
			children = (
				8D1C07932462E56500F4EC7E /* CaptureImage.swift */,
				8D1C07972462E6D600F4EC7E /* ImagePicker.swift */,
				8D1C07992462E71900F4EC7E /* CameraViews.swift */,
				8D1C079C2462E92F00F4EC7E /* PhotoCaptureView.swift */,
			);
			path = Camera;
			sourceTree = "<group>";
		};
		8D213875244243BF0063F001 /* MainSetting */ = {
			isa = PBXGroup;
			children = (
				8DB99D3B23AD247300AE483B /* AppDelegate.swift */,
				8DB99D3D23AD247300AE483B /* SceneDelegate.swift */,
				8DB99D4623AD247600AE483B /* LaunchScreen.storyboard */,
				8D25408723ED6F5D00707704 /* GoogleService-Info.plist */,
				8DB99D4123AD247600AE483B /* Assets.xcassets */,
			);
			path = MainSetting;
			sourceTree = "<group>";
		};
		8D213876244244580063F001 /* SectorViews */ = {
			isa = PBXGroup;
			children = (
				8DD277D024866C6C00B9F9FB /* Rows */,
				8DC95CFE2471AAD400197C0F /* ScreenFrame */,
				8DC95CFB2471A7B300197C0F /* Auth */,
				8D1C079B2462E91500F4EC7E /* Camera */,
				8DB2E1DF243C920200E3A1BD /* RadialGradientUI.swift */,
				8DB2E1E3243C9AE900E3A1BD /* LogoBar.swift */,
				8DB2E1E1243C93DB00E3A1BD /* LogoBarWithLabel.swift */,
				8D2138712441FACA0063F001 /* backBtn_view.swift */,
				8D2138732441FE8F0063F001 /* cellphone_layout.swift */,
				8D1C07852461DFFA00F4EC7E /* Walkthrough.swift */,
				8D1C07892462B8EE00F4EC7E /* NavigationBarImageUI.swift */,
				8D1C078B2462C12500F4EC7E /* NavigationBarWithItemUI.swift */,
				8D1C07952462E69A00F4EC7E /* MailView.swift */,
				8D1C07A12463037200F4EC7E /* NextBtn.swift */,
				8DB4012F24AA78DD008FB572 /* WalkThroughBtn.swift */,
				8D1C07A32463082200F4EC7E /* GradientBackgroundStyle.swift */,
				8D52E5092464A96A00B1FA33 /* LabelTextFields.swift */,
				8DC95D032471D83100197C0F /* LogOutView.swift */,
			);
			path = SectorViews;
			sourceTree = "<group>";
		};
		8D213877244244EF0063F001 /* Utilities */ = {
			isa = PBXGroup;
			children = (
				8D2138782442459A0063F001 /* HostingController.swift */,
				8D55D9BC23E2FF1800B0DC4B /* ViewRouter.swift */,
				8D55D9C223E38BD500B0DC4B /* FirstLaunch.swift */,
				8DB99D7523AE154400AE483B /* PlayerView.swift */,
				8DC3835623EC52BA00000039 /* GoogleMap.swift */,
				8DBD930F23ECC87F0034E918 /* LocationManager.swift */,
				8DC95CF9247194B000197C0F /* WebView.swift */,
				8DC95D052471DB2300197C0F /* AlertIdentifier.swift */,
				8DD277D72486B16500B9F9FB /* ActivityIndicator.swift */,
				8DD277D92486B49400B9F9FB /* KeyboardResponder.swift */,
			);
			path = Utilities;
			sourceTree = "<group>";
		};
		8D2138812442547E0063F001 /* MirasconTests */ = {
			isa = PBXGroup;
			children = (
				8D2138822442547E0063F001 /* MirasconTests.swift */,
				8D2138842442547E0063F001 /* Info.plist */,
			);
			path = MirasconTests;
			sourceTree = "<group>";
		};
		8D25408223ED6B0C00707704 /* FirebaseChat */ = {
			isa = PBXGroup;
			children = (
				8D25408323ED6B5000707704 /* ChatFirebaseView.swift */,
				8D25408523ED6B9F00707704 /* DataFire.swift */,
				8DC0FF8223EEFA0400B8401F /* ListMessage.swift */,
				8DC0FF8423EEFA4500B8401F /* Messagepage.swift */,
			);
			path = FirebaseChat;
			sourceTree = "<group>";
		};
		8D5742A8242B44570018160B /* UIViews */ = {
			isa = PBXGroup;
			children = (
				8DB99D3F23AD247300AE483B /* ContentView.swift */,
				8D55D9BE23E34FC000B0DC4B /* LaunchLogo.swift */,
				8DA40AA92467ED9700EFB8D9 /* Preview.swift */,
				8DA773E0246C9474009E95B5 /* FirebaseAuth */,
				8DB99D7E23AE47F000AE483B /* PreviewIntroduction.swift */,
				8D1C07872461E50100F4EC7E /* SaveUserData.swift */,
				8D1C07802461A05100F4EC7E /* IntroUI.swift */,
				8D55D9BA23E2FDEA00B0DC4B /* MainScreen.swift */,
				8DB99D4F23AD255300AE483B /* EmergencyUI.swift */,
				8DB99D5123AD25F500AE483B /* RoadsideAssistanceUI.swift */,
				8D55D9A523E0807800B0DC4B /* ClaimsCenter.swift */,
				8D1C07822461DBF400F4EC7E /* ClaimsForm */,
				8D55D9B423E1EFFC00B0DC4B /* uploadPhotos.swift */,
				8D55D9B623E201FD00B0DC4B /* GlassDamage.swift */,
				8DEBB2032415297800622D88 /* Profil.swift */,
				8D1C077E2460768600F4EC7E /* OldClaimsForm.swift */,
				8DA40AAD2467F48900EFB8D9 /* AGB.swift */,
				8DD277D52486A78400B9F9FB /* TestNumbPad.swift */,
			);
			path = UIViews;
			sourceTree = "<group>";
		};
		8DA773E0246C9474009E95B5 /* FirebaseAuth */ = {
			isa = PBXGroup;
			children = (
				8D527DF6246C99F100879FAD /* LoginUI.swift */,
				8D527DF4246C982900879FAD /* PhoneAuth.swift */,
				8D527DF1246C95FD00879FAD /* SignUpView.swift */,
				8D527DEF246C95DB00879FAD /* SignInView.swift */,
				8DB4012B24AA64C6008FB572 /* CreateAccount.swift */,
				8DB4012D24AA69CF008FB572 /* ForgotPassword.swift */,
			);
			path = FirebaseAuth;
			sourceTree = "<group>";
		};
		8DB2E1E7243DC36300E3A1BD /* Values */ = {
			isa = PBXGroup;
			children = (
				8DB2E1DD243B54DC00E3A1BD /* ColorUI.swift */,
				8DB2E1E5243DC35300E3A1BD /* dimens.swift */,
				8DB2E1E8243DC39300E3A1BD /* strings.swift */,
			);
			path = Values;
			sourceTree = "<group>";
		};
		8DB99D2F23AD247300AE483B = {
			isa = PBXGroup;
			children = (
				8DD277D324867F5B00B9F9FB /* Settings.bundle */,
				8DD277D124867E0200B9F9FB /* .gitignore */,
				8D5742AD242B89290018160B /* Podfile */,
				8DB99D3A23AD247300AE483B /* Mirascon */,
				8DB99D8023AE86CB00AE483B /* Models */,
				8DB99D8323AE879400AE483B /* Ressources */,
				8D2138812442547E0063F001 /* MirasconTests */,
				28826040C02C704E37279E5D /* Frameworks */,
				8D5742AF242BB0D20018160B /* Mirascon.app */,
				4343397D5F3C6F8928F116CE /* Pods */,
			);
			sourceTree = "<group>";
		};
		8DB99D3A23AD247300AE483B /* Mirascon */ = {
			isa = PBXGroup;
			children = (
				8D527DF3246C97AD00879FAD /* Mirascon.entitlements */,
				8DB99D4923AD247600AE483B /* Info.plist */,
				8D213875244243BF0063F001 /* MainSetting */,
				8D5742A8242B44570018160B /* UIViews */,
				8D25408223ED6B0C00707704 /* FirebaseChat */,
				8DB99D4323AD247600AE483B /* Preview Content */,
				8D55D9B823E208E100B0DC4B /* Coordinator.swift */,
				8D213876244244580063F001 /* SectorViews */,
				8D213877244244EF0063F001 /* Utilities */,
				8DB2E1E7243DC36300E3A1BD /* Values */,
			);
			path = Mirascon;
			sourceTree = "<group>";
		};
		8DB99D4323AD247600AE483B /* Preview Content */ = {
			isa = PBXGroup;
			children = (
				8DB99D4423AD247600AE483B /* Preview Assets.xcassets */,
			);
			path = "Preview Content";
			sourceTree = "<group>";
		};
		8DB99D8023AE86CB00AE483B /* Models */ = {
			isa = PBXGroup;
			children = (
				8DB99D8623AE881800AE483B /* Data.swift */,
				8DB99D9223AEB69900AE483B /* Introduction.swift */,
				8D55D9B223E08DE900B0DC4B /* UserData.swift */,
			);
			path = Models;
			sourceTree = "<group>";
		};
		8DB99D8323AE879400AE483B /* Ressources */ = {
			isa = PBXGroup;
			children = (
				8DB99D8423AE87B100AE483B /* introductionData.json */,
				8D55D9A823E0852700B0DC4B /* ClaimsCenterData.json */,
			);
			path = Ressources;
			sourceTree = "<group>";
		};
		8DC95CFB2471A7B300197C0F /* Auth */ = {
			isa = PBXGroup;
			children = (
				8DC95CFC2471A7D500197C0F /* LogOutBtn.swift */,
			);
			path = Auth;
			sourceTree = "<group>";
		};
		8DC95CFE2471AAD400197C0F /* ScreenFrame */ = {
			isa = PBXGroup;
			children = (
				8DC95CFF2471AAFC00197C0F /* ScreenSizeFrame.swift */,
			);
			path = ScreenFrame;
			sourceTree = "<group>";
		};
		8DD277D024866C6C00B9F9FB /* Rows */ = {
			isa = PBXGroup;
			children = (
				8D1C078D2462DE4A00F4EC7E /* Rows.swift */,
				8D1C078F2462DFA400F4EC7E /* ButtonRow.swift */,
				8DA40AAB2467EF5A00EFB8D9 /* PreviewRow.swift */,
				8D527DF8246C9E3B00879FAD /* LoginRow.swift */,
				8DC95D012471D52C00197C0F /* ProfilRow.swift */,
				8DD277DB2486E2AD00B9F9FB /* LabelTextField.swift */,
				8DD277DD2486E34300B9F9FB /* claimsFormRow.swift */,
			);
			path = Rows;
			sourceTree = "<group>";
		};
/* End PBXGroup section */

/* Begin PBXNativeTarget section */
		8DB99D3723AD247300AE483B /* Mirascon */ = {
			isa = PBXNativeTarget;
			buildConfigurationList = 8DB99D4C23AD247600AE483B /* Build configuration list for PBXNativeTarget "Mirascon" */;
			buildPhases = (
				31FB3AE4EF112449256BBDA0 /* [CP] Check Pods Manifest.lock */,
				8DB99D3423AD247300AE483B /* Sources */,
				8DB99D3523AD247300AE483B /* Frameworks */,
				8DB99D3623AD247300AE483B /* Resources */,
				8D0C129623F0914D00C2D374 /* Embed App Extensions */,
				58A667725C994B8FFB41FF30 /* [CP] Copy Pods Resources */,
			);
			buildRules = (
			);
			dependencies = (
			);
			name = Mirascon;
			productName = Mirascon;
			productReference = 8D5742AF242BB0D20018160B /* Mirascon.app */;
			productType = "com.apple.product-type.application";
		};
/* End PBXNativeTarget section */

/* Begin PBXProject section */
		8DB99D3023AD247300AE483B /* Project object */ = {
			isa = PBXProject;
			attributes = {
				LastSwiftUpdateCheck = 1140;
				LastUpgradeCheck = 1140;
				ORGANIZATIONNAME = MIRASCON;
				TargetAttributes = {
					8DB99D3723AD247300AE483B = {
						CreatedOnToolsVersion = 11.3;
					};
				};
			};
			buildConfigurationList = 8DB99D3323AD247300AE483B /* Build configuration list for PBXProject "Mirascon" */;
			compatibilityVersion = "Xcode 10.0";
			developmentRegion = en;
			hasScannedForEncodings = 0;
			knownRegions = (
				en,
				Base,
			);
			mainGroup = 8DB99D2F23AD247300AE483B;
			packageReferences = (
				8D1C079E2462F94300F4EC7E /* XCRemoteSwiftPackageReference "CameraView" */,
			);
			productRefGroup = 8DB99D2F23AD247300AE483B;
			projectDirPath = "";
			projectRoot = "";
			targets = (
				8DB99D3723AD247300AE483B /* Mirascon */,
			);
		};
/* End PBXProject section */

/* Begin PBXResourcesBuildPhase section */
		8DB99D3623AD247300AE483B /* Resources */ = {
			isa = PBXResourcesBuildPhase;
			buildActionMask = 2147483647;
			files = (
				8D55D9A923E0852700B0DC4B /* ClaimsCenterData.json in Resources */,
				8DB99D4823AD247600AE483B /* LaunchScreen.storyboard in Resources */,
				8DB99D4523AD247600AE483B /* Preview Assets.xcassets in Resources */,
				8DB99D8523AE87B100AE483B /* introductionData.json in Resources */,
				8D25408823ED6F5D00707704 /* GoogleService-Info.plist in Resources */,
				8D5742AE242B89290018160B /* Podfile in Resources */,
				8DD277D224867E0200B9F9FB /* .gitignore in Resources */,
				8DD277D424867F5B00B9F9FB /* Settings.bundle in Resources */,
				8DB99D4223AD247600AE483B /* Assets.xcassets in Resources */,
			);
			runOnlyForDeploymentPostprocessing = 0;
		};
/* End PBXResourcesBuildPhase section */

/* Begin PBXShellScriptBuildPhase section */
		31FB3AE4EF112449256BBDA0 /* [CP] Check Pods Manifest.lock */ = {
			isa = PBXShellScriptBuildPhase;
			buildActionMask = 2147483647;
			files = (
			);
			inputFileListPaths = (
			);
			inputPaths = (
				"${PODS_PODFILE_DIR_PATH}/Podfile.lock",
				"${PODS_ROOT}/Manifest.lock",
			);
			name = "[CP] Check Pods Manifest.lock";
			outputFileListPaths = (
			);
			outputPaths = (
				"$(DERIVED_FILE_DIR)/Pods-Mirascon-checkManifestLockResult.txt",
			);
			runOnlyForDeploymentPostprocessing = 0;
			shellPath = /bin/sh;
			shellScript = "diff \"${PODS_PODFILE_DIR_PATH}/Podfile.lock\" \"${PODS_ROOT}/Manifest.lock\" > /dev/null\nif [ $? != 0 ] ; then\n    # print error to STDERR\n    echo \"error: The sandbox is not in sync with the Podfile.lock. Run 'pod install' or update your CocoaPods installation.\" >&2\n    exit 1\nfi\n# This output is used by Xcode 'outputs' to avoid re-running this script phase.\necho \"SUCCESS\" > \"${SCRIPT_OUTPUT_FILE_0}\"\n";
			showEnvVarsInLog = 0;
		};
		58A667725C994B8FFB41FF30 /* [CP] Copy Pods Resources */ = {
			isa = PBXShellScriptBuildPhase;
			buildActionMask = 2147483647;
			files = (
			);
			inputFileListPaths = (
				"${PODS_ROOT}/Target Support Files/Pods-Mirascon/Pods-Mirascon-resources-${CONFIGURATION}-input-files.xcfilelist",
			);
			name = "[CP] Copy Pods Resources";
			outputFileListPaths = (
				"${PODS_ROOT}/Target Support Files/Pods-Mirascon/Pods-Mirascon-resources-${CONFIGURATION}-output-files.xcfilelist",
			);
			runOnlyForDeploymentPostprocessing = 0;
			shellPath = /bin/sh;
			shellScript = "\"${PODS_ROOT}/Target Support Files/Pods-Mirascon/Pods-Mirascon-resources.sh\"\n";
			showEnvVarsInLog = 0;
		};
/* End PBXShellScriptBuildPhase section */

/* Begin PBXSourcesBuildPhase section */
		8DB99D3423AD247300AE483B /* Sources */ = {
			isa = PBXSourcesBuildPhase;
			buildActionMask = 2147483647;
			files = (
				8D55D9BB23E2FDEB00B0DC4B /* MainScreen.swift in Sources */,
				8DB2E1E0243C920200E3A1BD /* RadialGradientUI.swift in Sources */,
				8DB2E1E2243C93DB00E3A1BD /* LogoBarWithLabel.swift in Sources */,
				8D55D9B323E08DE900B0DC4B /* UserData.swift in Sources */,
				8D1C07902462DFA400F4EC7E /* ButtonRow.swift in Sources */,
				8DD277DA2486B49400B9F9FB /* KeyboardResponder.swift in Sources */,
				8DD277D62486A78400B9F9FB /* TestNumbPad.swift in Sources */,
				8D1C07A22463037300F4EC7E /* NextBtn.swift in Sources */,
				8DC95CFD2471A7D500197C0F /* LogOutBtn.swift in Sources */,
				8DC95D022471D52C00197C0F /* ProfilRow.swift in Sources */,
				8D52E50A2464A96A00B1FA33 /* LabelTextFields.swift in Sources */,
				8DD277D82486B16500B9F9FB /* ActivityIndicator.swift in Sources */,
				8D1C07862461DFFA00F4EC7E /* Walkthrough.swift in Sources */,
				8DDAD9F923E05774001409EC /* ClaimsForm.swift in Sources */,
				8D1C07962462E69A00F4EC7E /* MailView.swift in Sources */,
				8DB4013024AA78DD008FB572 /* WalkThroughBtn.swift in Sources */,
				8D1C07882461E50100F4EC7E /* SaveUserData.swift in Sources */,
				8D55D9B923E208E200B0DC4B /* Coordinator.swift in Sources */,
				8DD277DE2486E34300B9F9FB /* claimsFormRow.swift in Sources */,
				8D1C07942462E56500F4EC7E /* CaptureImage.swift in Sources */,
				8D1C078C2462C12500F4EC7E /* NavigationBarWithItemUI.swift in Sources */,
				8D527DF5246C982900879FAD /* PhoneAuth.swift in Sources */,
				8DA40AAE2467F48900EFB8D9 /* AGB.swift in Sources */,
				8D2138792442459A0063F001 /* HostingController.swift in Sources */,
				8DB99D3C23AD247300AE483B /* AppDelegate.swift in Sources */,
				8D1C07812461A05100F4EC7E /* IntroUI.swift in Sources */,
				8D2138742441FE8F0063F001 /* cellphone_layout.swift in Sources */,
				8DC95CFA247194B000197C0F /* WebView.swift in Sources */,
				8DA40AAA2467ED9700EFB8D9 /* Preview.swift in Sources */,
				8D1C07922462E52C00F4EC7E /* camera.swift in Sources */,
				8DD277DC2486E2AD00B9F9FB /* LabelTextField.swift in Sources */,
				8D1C07982462E6D600F4EC7E /* ImagePicker.swift in Sources */,
				8DB2E1E6243DC35300E3A1BD /* dimens.swift in Sources */,
				8DB4012E24AA69CF008FB572 /* ForgotPassword.swift in Sources */,
				8D55D9BF23E34FC000B0DC4B /* LaunchLogo.swift in Sources */,
				8D55D9B523E1EFFC00B0DC4B /* uploadPhotos.swift in Sources */,
				8D25408423ED6B5000707704 /* ChatFirebaseView.swift in Sources */,
				8DB99D5023AD255300AE483B /* EmergencyUI.swift in Sources */,
				8D1C079A2462E71900F4EC7E /* CameraViews.swift in Sources */,
				8DB2E1DE243B54DC00E3A1BD /* ColorUI.swift in Sources */,
				8D25408623ED6B9F00707704 /* DataFire.swift in Sources */,
				8DB99D3E23AD247300AE483B /* SceneDelegate.swift in Sources */,
				8D5742AC242B47260018160B /* GoogleMapsView.swift in Sources */,
				8DC95D062471DB2300197C0F /* AlertIdentifier.swift in Sources */,
				8DB99D7623AE154400AE483B /* PlayerView.swift in Sources */,
				8DC0FF8323EEFA0400B8401F /* ListMessage.swift in Sources */,
				8D06BB9624AA497E00F1A0AF /* SwiftUIView.swift in Sources */,
				8D55D9B723E201FD00B0DC4B /* GlassDamage.swift in Sources */,
				8D55D9A623E0807800B0DC4B /* ClaimsCenter.swift in Sources */,
				8D2138722441FACB0063F001 /* backBtn_view.swift in Sources */,
				8DC95D002471AAFC00197C0F /* ScreenSizeFrame.swift in Sources */,
				8DB2E1E9243DC39300E3A1BD /* strings.swift in Sources */,
				8D1C077F2460768600F4EC7E /* OldClaimsForm.swift in Sources */,
				8D1C07842461DC2900F4EC7E /* ClaimReason.swift in Sources */,
				8DB99D5223AD25F500AE483B /* RoadsideAssistanceUI.swift in Sources */,
				8DEBB2042415297800622D88 /* Profil.swift in Sources */,
				8D527DF2246C95FD00879FAD /* SignUpView.swift in Sources */,
				8D1C078E2462DE4A00F4EC7E /* Rows.swift in Sources */,
				8DA40AAC2467EF5A00EFB8D9 /* PreviewRow.swift in Sources */,
				8DB99D9323AEB69900AE483B /* Introduction.swift in Sources */,
				8DBD931023ECC87F0034E918 /* LocationManager.swift in Sources */,
				8D1C078A2462B8EE00F4EC7E /* NavigationBarImageUI.swift in Sources */,
				8DB2E1E4243C9AE900E3A1BD /* LogoBar.swift in Sources */,
				8D55D9BD23E2FF1800B0DC4B /* ViewRouter.swift in Sources */,
				8DC0FF8523EEFA4500B8401F /* Messagepage.swift in Sources */,
				8D55D9C323E38BD500B0DC4B /* FirstLaunch.swift in Sources */,
				8D3DD1CF24634068002C2418 /* Review.swift in Sources */,
				8D527DF0246C95DB00879FAD /* SignInView.swift in Sources */,
				8D1C079D2462E92F00F4EC7E /* PhotoCaptureView.swift in Sources */,
				8DC95D042471D83100197C0F /* LogOutView.swift in Sources */,
				8DC3835723EC52BA00000039 /* GoogleMap.swift in Sources */,
				8D527DF9246C9E3B00879FAD /* LoginRow.swift in Sources */,
				8DB99D4023AD247300AE483B /* ContentView.swift in Sources */,
				8DB99D8723AE881800AE483B /* Data.swift in Sources */,
				8DB99D7F23AE47F000AE483B /* PreviewIntroduction.swift in Sources */,
				8D1C07A42463082200F4EC7E /* GradientBackgroundStyle.swift in Sources */,
				8D527DF7246C99F100879FAD /* LoginUI.swift in Sources */,
				8DB4012C24AA64C6008FB572 /* CreateAccount.swift in Sources */,
			);
			runOnlyForDeploymentPostprocessing = 0;
		};
/* End PBXSourcesBuildPhase section */

/* Begin PBXVariantGroup section */
		8DB99D4623AD247600AE483B /* LaunchScreen.storyboard */ = {
			isa = PBXVariantGroup;
			children = (
				8DB99D4723AD247600AE483B /* Base */,
			);
			name = LaunchScreen.storyboard;
			sourceTree = "<group>";
		};
/* End PBXVariantGroup section */

/* Begin XCBuildConfiguration section */
		8DB99D4A23AD247600AE483B /* Debug */ = {
			isa = XCBuildConfiguration;
			buildSettings = {
				ALWAYS_EMBED_SWIFT_STANDARD_LIBRARIES = YES;
				ALWAYS_SEARCH_USER_PATHS = NO;
				CLANG_ANALYZER_NONNULL = YES;
				CLANG_ANALYZER_NUMBER_OBJECT_CONVERSION = YES_AGGRESSIVE;
				CLANG_CXX_LANGUAGE_STANDARD = "gnu++14";
				CLANG_CXX_LIBRARY = "libc++";
				CLANG_ENABLE_MODULES = YES;
				CLANG_ENABLE_OBJC_ARC = YES;
				CLANG_ENABLE_OBJC_WEAK = YES;
				CLANG_WARN_BLOCK_CAPTURE_AUTORELEASING = YES;
				CLANG_WARN_BOOL_CONVERSION = YES;
				CLANG_WARN_COMMA = YES;
				CLANG_WARN_CONSTANT_CONVERSION = YES;
				CLANG_WARN_DEPRECATED_OBJC_IMPLEMENTATIONS = YES;
				CLANG_WARN_DIRECT_OBJC_ISA_USAGE = YES_ERROR;
				CLANG_WARN_DOCUMENTATION_COMMENTS = YES;
				CLANG_WARN_EMPTY_BODY = YES;
				CLANG_WARN_ENUM_CONVERSION = YES;
				CLANG_WARN_INFINITE_RECURSION = YES;
				CLANG_WARN_INT_CONVERSION = YES;
				CLANG_WARN_NON_LITERAL_NULL_CONVERSION = YES;
				CLANG_WARN_OBJC_IMPLICIT_RETAIN_SELF = YES;
				CLANG_WARN_OBJC_LITERAL_CONVERSION = YES;
				CLANG_WARN_OBJC_ROOT_CLASS = YES_ERROR;
				CLANG_WARN_RANGE_LOOP_ANALYSIS = YES;
				CLANG_WARN_STRICT_PROTOTYPES = YES;
				CLANG_WARN_SUSPICIOUS_MOVE = YES;
				CLANG_WARN_UNGUARDED_AVAILABILITY = YES_AGGRESSIVE;
				CLANG_WARN_UNREACHABLE_CODE = YES;
				CLANG_WARN__DUPLICATE_METHOD_MATCH = YES;
				COPY_PHASE_STRIP = NO;
				DEBUG_INFORMATION_FORMAT = dwarf;
				ENABLE_STRICT_OBJC_MSGSEND = YES;
				ENABLE_TESTABILITY = YES;
				GCC_C_LANGUAGE_STANDARD = gnu11;
				GCC_DYNAMIC_NO_PIC = NO;
				GCC_NO_COMMON_BLOCKS = YES;
				GCC_OPTIMIZATION_LEVEL = 0;
				GCC_PREPROCESSOR_DEFINITIONS = (
					"DEBUG=1",
					"$(inherited)",
				);
				GCC_WARN_64_TO_32_BIT_CONVERSION = YES;
				GCC_WARN_ABOUT_RETURN_TYPE = YES_ERROR;
				GCC_WARN_UNDECLARED_SELECTOR = YES;
				GCC_WARN_UNINITIALIZED_AUTOS = YES_AGGRESSIVE;
				GCC_WARN_UNUSED_FUNCTION = YES;
				GCC_WARN_UNUSED_VARIABLE = YES;
				IPHONEOS_DEPLOYMENT_TARGET = 13.0;
				MTL_ENABLE_DEBUG_INFO = INCLUDE_SOURCE;
				MTL_FAST_MATH = YES;
				ONLY_ACTIVE_ARCH = YES;
				SDKROOT = iphoneos;
				SWIFT_ACTIVE_COMPILATION_CONDITIONS = DEBUG;
				SWIFT_OPTIMIZATION_LEVEL = "-Onone";
				VALID_ARCHS = "arm64 x86_64";
			};
			name = Debug;
		};
		8DB99D4B23AD247600AE483B /* Release */ = {
			isa = XCBuildConfiguration;
			buildSettings = {
				ALWAYS_EMBED_SWIFT_STANDARD_LIBRARIES = YES;
				ALWAYS_SEARCH_USER_PATHS = NO;
				CLANG_ANALYZER_NONNULL = YES;
				CLANG_ANALYZER_NUMBER_OBJECT_CONVERSION = YES_AGGRESSIVE;
				CLANG_CXX_LANGUAGE_STANDARD = "gnu++14";
				CLANG_CXX_LIBRARY = "libc++";
				CLANG_ENABLE_MODULES = YES;
				CLANG_ENABLE_OBJC_ARC = YES;
				CLANG_ENABLE_OBJC_WEAK = YES;
				CLANG_WARN_BLOCK_CAPTURE_AUTORELEASING = YES;
				CLANG_WARN_BOOL_CONVERSION = YES;
				CLANG_WARN_COMMA = YES;
				CLANG_WARN_CONSTANT_CONVERSION = YES;
				CLANG_WARN_DEPRECATED_OBJC_IMPLEMENTATIONS = YES;
				CLANG_WARN_DIRECT_OBJC_ISA_USAGE = YES_ERROR;
				CLANG_WARN_DOCUMENTATION_COMMENTS = YES;
				CLANG_WARN_EMPTY_BODY = YES;
				CLANG_WARN_ENUM_CONVERSION = YES;
				CLANG_WARN_INFINITE_RECURSION = YES;
				CLANG_WARN_INT_CONVERSION = YES;
				CLANG_WARN_NON_LITERAL_NULL_CONVERSION = YES;
				CLANG_WARN_OBJC_IMPLICIT_RETAIN_SELF = YES;
				CLANG_WARN_OBJC_LITERAL_CONVERSION = YES;
				CLANG_WARN_OBJC_ROOT_CLASS = YES_ERROR;
				CLANG_WARN_RANGE_LOOP_ANALYSIS = YES;
				CLANG_WARN_STRICT_PROTOTYPES = YES;
				CLANG_WARN_SUSPICIOUS_MOVE = YES;
				CLANG_WARN_UNGUARDED_AVAILABILITY = YES_AGGRESSIVE;
				CLANG_WARN_UNREACHABLE_CODE = YES;
				CLANG_WARN__DUPLICATE_METHOD_MATCH = YES;
				COPY_PHASE_STRIP = NO;
				DEBUG_INFORMATION_FORMAT = "dwarf-with-dsym";
				ENABLE_NS_ASSERTIONS = NO;
				ENABLE_STRICT_OBJC_MSGSEND = YES;
				GCC_C_LANGUAGE_STANDARD = gnu11;
				GCC_NO_COMMON_BLOCKS = YES;
				GCC_WARN_64_TO_32_BIT_CONVERSION = YES;
				GCC_WARN_ABOUT_RETURN_TYPE = YES_ERROR;
				GCC_WARN_UNDECLARED_SELECTOR = YES;
				GCC_WARN_UNINITIALIZED_AUTOS = YES_AGGRESSIVE;
				GCC_WARN_UNUSED_FUNCTION = YES;
				GCC_WARN_UNUSED_VARIABLE = YES;
				IPHONEOS_DEPLOYMENT_TARGET = 13.0;
				MTL_ENABLE_DEBUG_INFO = NO;
				MTL_FAST_MATH = YES;
				SDKROOT = iphoneos;
				SWIFT_COMPILATION_MODE = wholemodule;
				SWIFT_OPTIMIZATION_LEVEL = "-O";
				VALIDATE_PRODUCT = YES;
				VALID_ARCHS = "arm64 x86_64";
			};
			name = Release;
		};
		8DB99D4D23AD247600AE483B /* Debug */ = {
			isa = XCBuildConfiguration;
			baseConfigurationReference = B6D56FEE086A1E36BA3E6D41 /* Pods-Mirascon.debug.xcconfig */;
			buildSettings = {
				ALWAYS_EMBED_SWIFT_STANDARD_LIBRARIES = YES;
				ASSETCATALOG_COMPILER_APPICON_NAME = AppIcon;
				BUILD_LIBRARY_FOR_DISTRIBUTION = YES;
				CODE_SIGN_ENTITLEMENTS = Mirascon/Mirascon.entitlements;
				CODE_SIGN_IDENTITY = "Apple Development";
				CODE_SIGN_STYLE = Automatic;
				CURRENT_PROJECT_VERSION = 1.2.3;
				DEFINES_MODULE = YES;
				DEVELOPMENT_ASSET_PATHS = "\"Mirascon/Preview Content\"";
				DEVELOPMENT_TEAM = QBKR6YXC55;
				ENABLE_PREVIEWS = YES;
				INFOPLIST_FILE = Mirascon/Info.plist;
				IPHONEOS_DEPLOYMENT_TARGET = 13.0;
				LD_RUNPATH_SEARCH_PATHS = (
					"$(inherited)",
					"@executable_path/Frameworks",
				);
				MARKETING_VERSION = 1.3.7;
				ONLY_ACTIVE_ARCH = YES;
				PRODUCT_BUNDLE_IDENTIFIER = com.mir.Mirascon;
				PRODUCT_NAME = Mirascon;
				PROVISIONING_PROFILE_SPECIFIER = "";
				SWIFT_ENFORCE_EXCLUSIVE_ACCESS = "debug-only";
				SWIFT_OPTIMIZATION_LEVEL = "-Onone";
				SWIFT_VERSION = 5.0;
				TARGETED_DEVICE_FAMILY = 1;
				VALID_ARCHS = "arm64 armv7 armv7s x86_64 i386";
			};
			name = Debug;
		};
		8DB99D4E23AD247600AE483B /* Release */ = {
			isa = XCBuildConfiguration;
			baseConfigurationReference = 7BBE39B07A2DDCBAD7B4A5ED /* Pods-Mirascon.release.xcconfig */;
			buildSettings = {
				ALWAYS_EMBED_SWIFT_STANDARD_LIBRARIES = YES;
				ASSETCATALOG_COMPILER_APPICON_NAME = AppIcon;
				BUILD_LIBRARY_FOR_DISTRIBUTION = YES;
				CODE_SIGN_ENTITLEMENTS = Mirascon/Mirascon.entitlements;
				CODE_SIGN_IDENTITY = "Apple Development";
				CODE_SIGN_STYLE = Automatic;
				CURRENT_PROJECT_VERSION = 1.2.3;
				DEFINES_MODULE = YES;
				DEVELOPMENT_ASSET_PATHS = "\"Mirascon/Preview Content\"";
				DEVELOPMENT_TEAM = QBKR6YXC55;
				ENABLE_PREVIEWS = YES;
				INFOPLIST_FILE = Mirascon/Info.plist;
				IPHONEOS_DEPLOYMENT_TARGET = 13.0;
				LD_RUNPATH_SEARCH_PATHS = (
					"$(inherited)",
					"@executable_path/Frameworks",
				);
				MARKETING_VERSION = 1.3.7;
				ONLY_ACTIVE_ARCH = NO;
				PRODUCT_BUNDLE_IDENTIFIER = com.mir.Mirascon;
				PRODUCT_NAME = Mirascon;
				PROVISIONING_PROFILE_SPECIFIER = "";
				SWIFT_ENFORCE_EXCLUSIVE_ACCESS = "debug-only";
				SWIFT_OPTIMIZATION_LEVEL = "-Onone";
				SWIFT_VERSION = 5.0;
				TARGETED_DEVICE_FAMILY = 1;
				VALID_ARCHS = "arm64 armv7 armv7s x86_64 i386";
			};
			name = Release;
		};
/* End XCBuildConfiguration section */

/* Begin XCConfigurationList section */
		8DB99D3323AD247300AE483B /* Build configuration list for PBXProject "Mirascon" */ = {
			isa = XCConfigurationList;
			buildConfigurations = (
				8DB99D4A23AD247600AE483B /* Debug */,
				8DB99D4B23AD247600AE483B /* Release */,
			);
			defaultConfigurationIsVisible = 0;
			defaultConfigurationName = Release;
		};
		8DB99D4C23AD247600AE483B /* Build configuration list for PBXNativeTarget "Mirascon" */ = {
			isa = XCConfigurationList;
			buildConfigurations = (
				8DB99D4D23AD247600AE483B /* Debug */,
				8DB99D4E23AD247600AE483B /* Release */,
			);
			defaultConfigurationIsVisible = 0;
			defaultConfigurationName = Release;
		};
/* End XCConfigurationList section */

/* Begin XCRemoteSwiftPackageReference section */
		8D1C079E2462F94300F4EC7E /* XCRemoteSwiftPackageReference "CameraView" */ = {
			isa = XCRemoteSwiftPackageReference;
			repositoryURL = "https://github.com/brettfazio/CameraView";
			requirement = {
				kind = upToNextMajorVersion;
				minimumVersion = 0.0.1;
			};
		};
/* End XCRemoteSwiftPackageReference section */
	};
	rootObject = 8DB99D3023AD247300AE483B /* Project object */;
}
