// !$*UTF8*$!
{
	archiveVersion = 1;
	classes = {
	};
	objectVersion = 51;
	objects = {

/* Begin PBXBuildFile section */
		0438E0128DD3CD91B00E4C0A /* Pods_Mirascon.framework in Frameworks */ = {isa = PBXBuildFile; fileRef = EEF87B3E4605B890578C22AE /* Pods_Mirascon.framework */; };
		8D0C128923F0914C00C2D374 /* UserNotifications.framework in Frameworks */ = {isa = PBXBuildFile; fileRef = 8D0C128823F0914C00C2D374 /* UserNotifications.framework */; };
		8D0C128B23F0914D00C2D374 /* UserNotificationsUI.framework in Frameworks */ = {isa = PBXBuildFile; fileRef = 8D0C128A23F0914D00C2D374 /* UserNotificationsUI.framework */; };
		8D25408423ED6B5000707704 /* ChatFirebaseView.swift in Sources */ = {isa = PBXBuildFile; fileRef = 8D25408323ED6B5000707704 /* ChatFirebaseView.swift */; };
		8D25408623ED6B9F00707704 /* DataFire.swift in Sources */ = {isa = PBXBuildFile; fileRef = 8D25408523ED6B9F00707704 /* DataFire.swift */; };
		8D25408823ED6F5D00707704 /* GoogleService-Info.plist in Resources */ = {isa = PBXBuildFile; fileRef = 8D25408723ED6F5D00707704 /* GoogleService-Info.plist */; };
		8D55D9A623E0807800B0DC4B /* ClaimsCenter.swift in Sources */ = {isa = PBXBuildFile; fileRef = 8D55D9A523E0807800B0DC4B /* ClaimsCenter.swift */; };
		8D55D9A923E0852700B0DC4B /* ClaimsCenterData.json in Resources */ = {isa = PBXBuildFile; fileRef = 8D55D9A823E0852700B0DC4B /* ClaimsCenterData.json */; };
		8D55D9B323E08DE900B0DC4B /* UserData.swift in Sources */ = {isa = PBXBuildFile; fileRef = 8D55D9B223E08DE900B0DC4B /* UserData.swift */; };
		8D55D9B523E1EFFC00B0DC4B /* uploadPhotos.swift in Sources */ = {isa = PBXBuildFile; fileRef = 8D55D9B423E1EFFC00B0DC4B /* uploadPhotos.swift */; };
		8D55D9B723E201FD00B0DC4B /* GlassDamage.swift in Sources */ = {isa = PBXBuildFile; fileRef = 8D55D9B623E201FD00B0DC4B /* GlassDamage.swift */; };
		8D55D9B923E208E200B0DC4B /* Coordinator.swift in Sources */ = {isa = PBXBuildFile; fileRef = 8D55D9B823E208E100B0DC4B /* Coordinator.swift */; };
		8D55D9BB23E2FDEB00B0DC4B /* MainScreen.swift in Sources */ = {isa = PBXBuildFile; fileRef = 8D55D9BA23E2FDEA00B0DC4B /* MainScreen.swift */; };
		8D55D9BD23E2FF1800B0DC4B /* ViewRouter.swift in Sources */ = {isa = PBXBuildFile; fileRef = 8D55D9BC23E2FF1800B0DC4B /* ViewRouter.swift */; };
		8D55D9BF23E34FC000B0DC4B /* LaunchLogo.swift in Sources */ = {isa = PBXBuildFile; fileRef = 8D55D9BE23E34FC000B0DC4B /* LaunchLogo.swift */; };
		8D55D9C323E38BD500B0DC4B /* FirstLaunch.swift in Sources */ = {isa = PBXBuildFile; fileRef = 8D55D9C223E38BD500B0DC4B /* FirstLaunch.swift */; };
		8D5742AC242B47260018160B /* GoogleMapsView.swift in Sources */ = {isa = PBXBuildFile; fileRef = 8D5742AB242B47260018160B /* GoogleMapsView.swift */; };
		8D5742AE242B89290018160B /* Podfile in Resources */ = {isa = PBXBuildFile; fileRef = 8D5742AD242B89290018160B /* Podfile */; };
		8DB2E1DE243B54DC00E3A1BD /* ColorUI.swift in Sources */ = {isa = PBXBuildFile; fileRef = 8DB2E1DD243B54DC00E3A1BD /* ColorUI.swift */; };
		8DB2E1E0243C920200E3A1BD /* RadialGradientUI.swift in Sources */ = {isa = PBXBuildFile; fileRef = 8DB2E1DF243C920200E3A1BD /* RadialGradientUI.swift */; };
		8DB2E1E2243C93DB00E3A1BD /* LogoBarWithLabel.swift in Sources */ = {isa = PBXBuildFile; fileRef = 8DB2E1E1243C93DB00E3A1BD /* LogoBarWithLabel.swift */; };
		8DB2E1E4243C9AE900E3A1BD /* LogoBar.swift in Sources */ = {isa = PBXBuildFile; fileRef = 8DB2E1E3243C9AE900E3A1BD /* LogoBar.swift */; };
		8DB2E1E6243DC35300E3A1BD /* dimens.swift in Sources */ = {isa = PBXBuildFile; fileRef = 8DB2E1E5243DC35300E3A1BD /* dimens.swift */; };
		8DB2E1E9243DC39300E3A1BD /* strings.swift in Sources */ = {isa = PBXBuildFile; fileRef = 8DB2E1E8243DC39300E3A1BD /* strings.swift */; };
		8DB99D3C23AD247300AE483B /* AppDelegate.swift in Sources */ = {isa = PBXBuildFile; fileRef = 8DB99D3B23AD247300AE483B /* AppDelegate.swift */; };
		8DB99D3E23AD247300AE483B /* SceneDelegate.swift in Sources */ = {isa = PBXBuildFile; fileRef = 8DB99D3D23AD247300AE483B /* SceneDelegate.swift */; };
		8DB99D4023AD247300AE483B /* ContentView.swift in Sources */ = {isa = PBXBuildFile; fileRef = 8DB99D3F23AD247300AE483B /* ContentView.swift */; };
		8DB99D4223AD247600AE483B /* Assets.xcassets in Resources */ = {isa = PBXBuildFile; fileRef = 8DB99D4123AD247600AE483B /* Assets.xcassets */; };
		8DB99D4523AD247600AE483B /* Preview Assets.xcassets in Resources */ = {isa = PBXBuildFile; fileRef = 8DB99D4423AD247600AE483B /* Preview Assets.xcassets */; };
		8DB99D4823AD247600AE483B /* LaunchScreen.storyboard in Resources */ = {isa = PBXBuildFile; fileRef = 8DB99D4623AD247600AE483B /* LaunchScreen.storyboard */; };
		8DB99D5023AD255300AE483B /* EmergencyUI.swift in Sources */ = {isa = PBXBuildFile; fileRef = 8DB99D4F23AD255300AE483B /* EmergencyUI.swift */; };
		8DB99D5223AD25F500AE483B /* RoadsideAssistanceUI.swift in Sources */ = {isa = PBXBuildFile; fileRef = 8DB99D5123AD25F500AE483B /* RoadsideAssistanceUI.swift */; };
		8DB99D7623AE154400AE483B /* PlayerView.swift in Sources */ = {isa = PBXBuildFile; fileRef = 8DB99D7523AE154400AE483B /* PlayerView.swift */; };
		8DB99D7F23AE47F000AE483B /* PreviewIntroduction.swift in Sources */ = {isa = PBXBuildFile; fileRef = 8DB99D7E23AE47F000AE483B /* PreviewIntroduction.swift */; };
		8DB99D8523AE87B100AE483B /* introductionData.json in Resources */ = {isa = PBXBuildFile; fileRef = 8DB99D8423AE87B100AE483B /* introductionData.json */; };
		8DB99D8723AE881800AE483B /* Data.swift in Sources */ = {isa = PBXBuildFile; fileRef = 8DB99D8623AE881800AE483B /* Data.swift */; };
		8DB99D9323AEB69900AE483B /* Introduction.swift in Sources */ = {isa = PBXBuildFile; fileRef = 8DB99D9223AEB69900AE483B /* Introduction.swift */; };
		8DBD931023ECC87F0034E918 /* LocationManager.swift in Sources */ = {isa = PBXBuildFile; fileRef = 8DBD930F23ECC87F0034E918 /* LocationManager.swift */; };
		8DC0FF8323EEFA0400B8401F /* ListMessage.swift in Sources */ = {isa = PBXBuildFile; fileRef = 8DC0FF8223EEFA0400B8401F /* ListMessage.swift */; };
		8DC0FF8523EEFA4500B8401F /* Messagepage.swift in Sources */ = {isa = PBXBuildFile; fileRef = 8DC0FF8423EEFA4500B8401F /* Messagepage.swift */; };
		8DC3835723EC52BA00000039 /* GoogleMap.swift in Sources */ = {isa = PBXBuildFile; fileRef = 8DC3835623EC52BA00000039 /* GoogleMap.swift */; };
		8DDAD9F923E05774001409EC /* ClaimsForm.swift in Sources */ = {isa = PBXBuildFile; fileRef = 8DDAD9F823E05774001409EC /* ClaimsForm.swift */; };
		8DEBB2042415297800622D88 /* Profil.swift in Sources */ = {isa = PBXBuildFile; fileRef = 8DEBB2032415297800622D88 /* Profil.swift */; };
/* End PBXBuildFile section */

/* Begin PBXContainerItemProxy section */
		8D0C129323F0914D00C2D374 /* PBXContainerItemProxy */ = {
			isa = PBXContainerItemProxy;
			containerPortal = 8DB99D3023AD247300AE483B /* Project object */;
			proxyType = 1;
			remoteGlobalIDString = 8D0C128623F0914C00C2D374;
			remoteInfo = Notification;
		};
/* End PBXContainerItemProxy section */

/* Begin PBXCopyFilesBuildPhase section */
		8D0C129623F0914D00C2D374 /* Embed App Extensions */ = {
			isa = PBXCopyFilesBuildPhase;
			buildActionMask = 2147483647;
			dstPath = "";
			dstSubfolderSpec = 13;
			files = (
			);
			name = "Embed App Extensions";
			runOnlyForDeploymentPostprocessing = 0;
		};
/* End PBXCopyFilesBuildPhase section */

/* Begin PBXFileReference section */
		346B21D53E006A92AF7DD652 /* Pods-Mirascon.release.xcconfig */ = {isa = PBXFileReference; includeInIndex = 1; lastKnownFileType = text.xcconfig; name = "Pods-Mirascon.release.xcconfig"; path = "Target Support Files/Pods-Mirascon/Pods-Mirascon.release.xcconfig"; sourceTree = "<group>"; };
		8D0C128823F0914C00C2D374 /* UserNotifications.framework */ = {isa = PBXFileReference; lastKnownFileType = wrapper.framework; name = UserNotifications.framework; path = System/Library/Frameworks/UserNotifications.framework; sourceTree = SDKROOT; };
		8D0C128A23F0914D00C2D374 /* UserNotificationsUI.framework */ = {isa = PBXFileReference; lastKnownFileType = wrapper.framework; name = UserNotificationsUI.framework; path = System/Library/Frameworks/UserNotificationsUI.framework; sourceTree = SDKROOT; };
		8D25408323ED6B5000707704 /* ChatFirebaseView.swift */ = {isa = PBXFileReference; fileEncoding = 4; lastKnownFileType = sourcecode.swift; path = ChatFirebaseView.swift; sourceTree = "<group>"; };
		8D25408523ED6B9F00707704 /* DataFire.swift */ = {isa = PBXFileReference; lastKnownFileType = sourcecode.swift; path = DataFire.swift; sourceTree = "<group>"; };
		8D25408723ED6F5D00707704 /* GoogleService-Info.plist */ = {isa = PBXFileReference; fileEncoding = 4; lastKnownFileType = text.plist.xml; path = "GoogleService-Info.plist"; sourceTree = "<group>"; };
		8D55D9A523E0807800B0DC4B /* ClaimsCenter.swift */ = {isa = PBXFileReference; lastKnownFileType = sourcecode.swift; path = ClaimsCenter.swift; sourceTree = "<group>"; };
		8D55D9A823E0852700B0DC4B /* ClaimsCenterData.json */ = {isa = PBXFileReference; fileEncoding = 4; lastKnownFileType = text.json; path = ClaimsCenterData.json; sourceTree = "<group>"; };
		8D55D9B223E08DE900B0DC4B /* UserData.swift */ = {isa = PBXFileReference; lastKnownFileType = sourcecode.swift; path = UserData.swift; sourceTree = "<group>"; };
		8D55D9B423E1EFFC00B0DC4B /* uploadPhotos.swift */ = {isa = PBXFileReference; lastKnownFileType = sourcecode.swift; path = uploadPhotos.swift; sourceTree = "<group>"; };
		8D55D9B623E201FD00B0DC4B /* GlassDamage.swift */ = {isa = PBXFileReference; lastKnownFileType = sourcecode.swift; path = GlassDamage.swift; sourceTree = "<group>"; };
		8D55D9B823E208E100B0DC4B /* Coordinator.swift */ = {isa = PBXFileReference; lastKnownFileType = sourcecode.swift; path = Coordinator.swift; sourceTree = "<group>"; };
		8D55D9BA23E2FDEA00B0DC4B /* MainScreen.swift */ = {isa = PBXFileReference; lastKnownFileType = sourcecode.swift; path = MainScreen.swift; sourceTree = "<group>"; };
		8D55D9BC23E2FF1800B0DC4B /* ViewRouter.swift */ = {isa = PBXFileReference; lastKnownFileType = sourcecode.swift; path = ViewRouter.swift; sourceTree = "<group>"; };
		8D55D9BE23E34FC000B0DC4B /* LaunchLogo.swift */ = {isa = PBXFileReference; lastKnownFileType = sourcecode.swift; path = LaunchLogo.swift; sourceTree = "<group>"; };
		8D55D9C223E38BD500B0DC4B /* FirstLaunch.swift */ = {isa = PBXFileReference; lastKnownFileType = sourcecode.swift; path = FirstLaunch.swift; sourceTree = "<group>"; };
		8D5742AB242B47260018160B /* GoogleMapsView.swift */ = {isa = PBXFileReference; lastKnownFileType = sourcecode.swift; path = GoogleMapsView.swift; sourceTree = "<group>"; };
		8D5742AD242B89290018160B /* Podfile */ = {isa = PBXFileReference; fileEncoding = 4; lastKnownFileType = text; path = Podfile; sourceTree = "<group>"; };
		8D5742AF242BB0D20018160B /* Mirascon.app */ = {isa = PBXFileReference; explicitFileType = wrapper.application; includeInIndex = 0; path = Mirascon.app; sourceTree = BUILT_PRODUCTS_DIR; };
		8DB2E1DC243640C100E3A1BD /* Notification.appex */ = {isa = PBXFileReference; explicitFileType = "wrapper.app-extension"; includeInIndex = 0; path = Notification.appex; sourceTree = BUILT_PRODUCTS_DIR; };
		8DB2E1DD243B54DC00E3A1BD /* ColorUI.swift */ = {isa = PBXFileReference; lastKnownFileType = sourcecode.swift; path = ColorUI.swift; sourceTree = "<group>"; };
		8DB2E1DF243C920200E3A1BD /* RadialGradientUI.swift */ = {isa = PBXFileReference; lastKnownFileType = sourcecode.swift; path = RadialGradientUI.swift; sourceTree = "<group>"; };
		8DB2E1E1243C93DB00E3A1BD /* LogoBarWithLabel.swift */ = {isa = PBXFileReference; lastKnownFileType = sourcecode.swift; path = LogoBarWithLabel.swift; sourceTree = "<group>"; };
		8DB2E1E3243C9AE900E3A1BD /* LogoBar.swift */ = {isa = PBXFileReference; lastKnownFileType = sourcecode.swift; path = LogoBar.swift; sourceTree = "<group>"; };
		8DB2E1E5243DC35300E3A1BD /* dimens.swift */ = {isa = PBXFileReference; lastKnownFileType = sourcecode.swift; path = dimens.swift; sourceTree = "<group>"; };
		8DB2E1E8243DC39300E3A1BD /* strings.swift */ = {isa = PBXFileReference; lastKnownFileType = sourcecode.swift; path = strings.swift; sourceTree = "<group>"; };
		8DB99D3B23AD247300AE483B /* AppDelegate.swift */ = {isa = PBXFileReference; lastKnownFileType = sourcecode.swift; path = AppDelegate.swift; sourceTree = "<group>"; };
		8DB99D3D23AD247300AE483B /* SceneDelegate.swift */ = {isa = PBXFileReference; lastKnownFileType = sourcecode.swift; path = SceneDelegate.swift; sourceTree = "<group>"; };
		8DB99D3F23AD247300AE483B /* ContentView.swift */ = {isa = PBXFileReference; lastKnownFileType = sourcecode.swift; path = ContentView.swift; sourceTree = "<group>"; };
		8DB99D4123AD247600AE483B /* Assets.xcassets */ = {isa = PBXFileReference; lastKnownFileType = folder.assetcatalog; path = Assets.xcassets; sourceTree = "<group>"; };
		8DB99D4423AD247600AE483B /* Preview Assets.xcassets */ = {isa = PBXFileReference; lastKnownFileType = folder.assetcatalog; path = "Preview Assets.xcassets"; sourceTree = "<group>"; };
		8DB99D4723AD247600AE483B /* Base */ = {isa = PBXFileReference; lastKnownFileType = file.storyboard; name = Base; path = Base.lproj/LaunchScreen.storyboard; sourceTree = "<group>"; };
		8DB99D4923AD247600AE483B /* Info.plist */ = {isa = PBXFileReference; lastKnownFileType = text.plist.xml; path = Info.plist; sourceTree = "<group>"; };
		8DB99D4F23AD255300AE483B /* EmergencyUI.swift */ = {isa = PBXFileReference; lastKnownFileType = sourcecode.swift; path = EmergencyUI.swift; sourceTree = "<group>"; };
		8DB99D5123AD25F500AE483B /* RoadsideAssistanceUI.swift */ = {isa = PBXFileReference; lastKnownFileType = sourcecode.swift; path = RoadsideAssistanceUI.swift; sourceTree = "<group>"; };
		8DB99D7523AE154400AE483B /* PlayerView.swift */ = {isa = PBXFileReference; lastKnownFileType = sourcecode.swift; path = PlayerView.swift; sourceTree = "<group>"; };
		8DB99D7E23AE47F000AE483B /* PreviewIntroduction.swift */ = {isa = PBXFileReference; lastKnownFileType = sourcecode.swift; path = PreviewIntroduction.swift; sourceTree = "<group>"; };
		8DB99D8423AE87B100AE483B /* introductionData.json */ = {isa = PBXFileReference; fileEncoding = 4; lastKnownFileType = text.json; path = introductionData.json; sourceTree = "<group>"; };
		8DB99D8623AE881800AE483B /* Data.swift */ = {isa = PBXFileReference; fileEncoding = 4; lastKnownFileType = sourcecode.swift; path = Data.swift; sourceTree = "<group>"; };
		8DB99D9223AEB69900AE483B /* Introduction.swift */ = {isa = PBXFileReference; fileEncoding = 4; lastKnownFileType = sourcecode.swift; path = Introduction.swift; sourceTree = "<group>"; };
		8DBD930F23ECC87F0034E918 /* LocationManager.swift */ = {isa = PBXFileReference; lastKnownFileType = sourcecode.swift; path = LocationManager.swift; sourceTree = "<group>"; };
		8DC0FF8223EEFA0400B8401F /* ListMessage.swift */ = {isa = PBXFileReference; lastKnownFileType = sourcecode.swift; path = ListMessage.swift; sourceTree = "<group>"; };
		8DC0FF8423EEFA4500B8401F /* Messagepage.swift */ = {isa = PBXFileReference; lastKnownFileType = sourcecode.swift; path = Messagepage.swift; sourceTree = "<group>"; };
		8DC3835623EC52BA00000039 /* GoogleMap.swift */ = {isa = PBXFileReference; lastKnownFileType = sourcecode.swift; path = GoogleMap.swift; sourceTree = "<group>"; };
		8DDAD9F823E05774001409EC /* ClaimsForm.swift */ = {isa = PBXFileReference; lastKnownFileType = sourcecode.swift; path = ClaimsForm.swift; sourceTree = "<group>"; };
		8DEBB2032415297800622D88 /* Profil.swift */ = {isa = PBXFileReference; lastKnownFileType = sourcecode.swift; path = Profil.swift; sourceTree = "<group>"; };
		EEF87B3E4605B890578C22AE /* Pods_Mirascon.framework */ = {isa = PBXFileReference; explicitFileType = wrapper.framework; includeInIndex = 0; path = Pods_Mirascon.framework; sourceTree = BUILT_PRODUCTS_DIR; };
		F1EC6C69E7F649B498605BD9 /* Pods-Mirascon.debug.xcconfig */ = {isa = PBXFileReference; includeInIndex = 1; lastKnownFileType = text.xcconfig; name = "Pods-Mirascon.debug.xcconfig"; path = "Target Support Files/Pods-Mirascon/Pods-Mirascon.debug.xcconfig"; sourceTree = "<group>"; };
/* End PBXFileReference section */

/* Begin PBXFrameworksBuildPhase section */
		8D0C128423F0914C00C2D374 /* Frameworks */ = {
			isa = PBXFrameworksBuildPhase;
			buildActionMask = 2147483647;
			files = (
				8D0C128B23F0914D00C2D374 /* UserNotificationsUI.framework in Frameworks */,
				8D0C128923F0914C00C2D374 /* UserNotifications.framework in Frameworks */,
			);
			runOnlyForDeploymentPostprocessing = 0;
		};
		8DB99D3523AD247300AE483B /* Frameworks */ = {
			isa = PBXFrameworksBuildPhase;
			buildActionMask = 2147483647;
			files = (
				0438E0128DD3CD91B00E4C0A /* Pods_Mirascon.framework in Frameworks */,
			);
			runOnlyForDeploymentPostprocessing = 0;
		};
/* End PBXFrameworksBuildPhase section */

/* Begin PBXGroup section */
		28826040C02C704E37279E5D /* Frameworks */ = {
			isa = PBXGroup;
			children = (
				EEF87B3E4605B890578C22AE /* Pods_Mirascon.framework */,
				8D0C128823F0914C00C2D374 /* UserNotifications.framework */,
				8D0C128A23F0914D00C2D374 /* UserNotificationsUI.framework */,
			);
			name = Frameworks;
			sourceTree = "<group>";
		};
		8D25408223ED6B0C00707704 /* FirebaseChat */ = {
			isa = PBXGroup;
			children = (
				8D25408323ED6B5000707704 /* ChatFirebaseView.swift */,
				8D25408523ED6B9F00707704 /* DataFire.swift */,
				8DC0FF8223EEFA0400B8401F /* ListMessage.swift */,
				8DC0FF8423EEFA4500B8401F /* Messagepage.swift */,
			);
			path = FirebaseChat;
			sourceTree = "<group>";
		};
		8D5742A8242B44570018160B /* UIViews */ = {
			isa = PBXGroup;
			children = (
				8DB99D3F23AD247300AE483B /* ContentView.swift */,
				8D55D9BE23E34FC000B0DC4B /* LaunchLogo.swift */,
				8DB99D7E23AE47F000AE483B /* PreviewIntroduction.swift */,
				8D55D9BA23E2FDEA00B0DC4B /* MainScreen.swift */,
				8DB99D4F23AD255300AE483B /* EmergencyUI.swift */,
				8DB99D5123AD25F500AE483B /* RoadsideAssistanceUI.swift */,
				8D55D9A523E0807800B0DC4B /* ClaimsCenter.swift */,
				8DDAD9F823E05774001409EC /* ClaimsForm.swift */,
				8D55D9B423E1EFFC00B0DC4B /* uploadPhotos.swift */,
				8D55D9B623E201FD00B0DC4B /* GlassDamage.swift */,
				8DEBB2032415297800622D88 /* Profil.swift */,
				8D5742AB242B47260018160B /* GoogleMapsView.swift */,
			);
			path = UIViews;
			sourceTree = "<group>";
		};
		8DB2E1E7243DC36300E3A1BD /* values */ = {
			isa = PBXGroup;
			children = (
				8DB2E1DD243B54DC00E3A1BD /* ColorUI.swift */,
				8DB2E1E5243DC35300E3A1BD /* dimens.swift */,
				8DB2E1E8243DC39300E3A1BD /* strings.swift */,
			);
			path = values;
			sourceTree = "<group>";
		};
		8DB99D2F23AD247300AE483B = {
			isa = PBXGroup;
			children = (
				8D5742AD242B89290018160B /* Podfile */,
				8DB99D3A23AD247300AE483B /* Mirascon */,
				8DB99D8323AE879400AE483B /* Ressources */,
				8DB99D8023AE86CB00AE483B /* Models */,
				C2ED31251947BE6A5771CF7B /* Pods */,
				28826040C02C704E37279E5D /* Frameworks */,
				8D5742AF242BB0D20018160B /* Mirascon.app */,
				8DB2E1DC243640C100E3A1BD /* Notification.appex */,
			);
			sourceTree = "<group>";
		};
		8DB99D3A23AD247300AE483B /* Mirascon */ = {
			isa = PBXGroup;
			children = (
				8D5742A8242B44570018160B /* UIViews */,
				8D25408223ED6B0C00707704 /* FirebaseChat */,
				8DB99D3B23AD247300AE483B /* AppDelegate.swift */,
				8DB99D3D23AD247300AE483B /* SceneDelegate.swift */,
				8DB99D4123AD247600AE483B /* Assets.xcassets */,
				8DB99D4623AD247600AE483B /* LaunchScreen.storyboard */,
				8D25408723ED6F5D00707704 /* GoogleService-Info.plist */,
				8DB99D4923AD247600AE483B /* Info.plist */,
				8DB99D4323AD247600AE483B /* Preview Content */,
				8D55D9B823E208E100B0DC4B /* Coordinator.swift */,
				8D55D9C223E38BD500B0DC4B /* FirstLaunch.swift */,
				8D55D9BC23E2FF1800B0DC4B /* ViewRouter.swift */,
				8DB99D7523AE154400AE483B /* PlayerView.swift */,
				8DC3835623EC52BA00000039 /* GoogleMap.swift */,
				8DBD930F23ECC87F0034E918 /* LocationManager.swift */,
				8DB2E1DF243C920200E3A1BD /* RadialGradientUI.swift */,
				8DB2E1E1243C93DB00E3A1BD /* LogoBarWithLabel.swift */,
				8DB2E1E3243C9AE900E3A1BD /* LogoBar.swift */,
				8DB2E1E7243DC36300E3A1BD /* values */,
			);
			path = Mirascon;
			sourceTree = "<group>";
		};
		8DB99D4323AD247600AE483B /* Preview Content */ = {
			isa = PBXGroup;
			children = (
				8DB99D4423AD247600AE483B /* Preview Assets.xcassets */,
			);
			path = "Preview Content";
			sourceTree = "<group>";
		};
		8DB99D8023AE86CB00AE483B /* Models */ = {
			isa = PBXGroup;
			children = (
				8DB99D8623AE881800AE483B /* Data.swift */,
				8DB99D9223AEB69900AE483B /* Introduction.swift */,
				8D55D9B223E08DE900B0DC4B /* UserData.swift */,
			);
			path = Models;
			sourceTree = "<group>";
		};
		8DB99D8323AE879400AE483B /* Ressources */ = {
			isa = PBXGroup;
			children = (
				8DB99D8423AE87B100AE483B /* introductionData.json */,
				8D55D9A823E0852700B0DC4B /* ClaimsCenterData.json */,
			);
			path = Ressources;
			sourceTree = "<group>";
		};
		C2ED31251947BE6A5771CF7B /* Pods */ = {
			isa = PBXGroup;
			children = (
				F1EC6C69E7F649B498605BD9 /* Pods-Mirascon.debug.xcconfig */,
				346B21D53E006A92AF7DD652 /* Pods-Mirascon.release.xcconfig */,
			);
			path = Pods;
			sourceTree = "<group>";
		};
/* End PBXGroup section */

/* Begin PBXNativeTarget section */
		8D0C128623F0914C00C2D374 /* Notification */ = {
			isa = PBXNativeTarget;
			buildConfigurationList = 8D0C129923F0914D00C2D374 /* Build configuration list for PBXNativeTarget "Notification" */;
			buildPhases = (
				8D0C128323F0914C00C2D374 /* Sources */,
				8D0C128423F0914C00C2D374 /* Frameworks */,
				8D0C128523F0914C00C2D374 /* Resources */,
			);
			buildRules = (
			);
			dependencies = (
			);
			name = Notification;
			productName = Notification;
			productReference = 8DB2E1DC243640C100E3A1BD /* Notification.appex */;
			productType = "com.apple.product-type.app-extension";
		};
		8DB99D3723AD247300AE483B /* Mirascon */ = {
			isa = PBXNativeTarget;
			buildConfigurationList = 8DB99D4C23AD247600AE483B /* Build configuration list for PBXNativeTarget "Mirascon" */;
			buildPhases = (
				DFBA134ED1D3A6E28AD1DE92 /* [CP] Check Pods Manifest.lock */,
				8DB99D3423AD247300AE483B /* Sources */,
				8DB99D3523AD247300AE483B /* Frameworks */,
				8DB99D3623AD247300AE483B /* Resources */,
				8B51120CCFB5E834E90ED27C /* [CP] Embed Pods Frameworks */,
				BBA7DB062D8DC01390D82A8A /* [CP] Copy Pods Resources */,
				8D0C129623F0914D00C2D374 /* Embed App Extensions */,
			);
			buildRules = (
			);
			dependencies = (
				8D0C129423F0914D00C2D374 /* PBXTargetDependency */,
			);
			name = Mirascon;
			productName = Mirascon;
			productReference = 8D5742AF242BB0D20018160B /* Mirascon.app */;
			productType = "com.apple.product-type.application";
		};
/* End PBXNativeTarget section */

/* Begin PBXProject section */
		8DB99D3023AD247300AE483B /* Project object */ = {
			isa = PBXProject;
			attributes = {
				LastSwiftUpdateCheck = 1130;
				LastUpgradeCheck = 1130;
				ORGANIZATIONNAME = MIRASCON;
				TargetAttributes = {
					8D0C128623F0914C00C2D374 = {
						CreatedOnToolsVersion = 11.3.1;
					};
					8DB99D3723AD247300AE483B = {
						CreatedOnToolsVersion = 11.3;
					};
				};
			};
			buildConfigurationList = 8DB99D3323AD247300AE483B /* Build configuration list for PBXProject "Mirascon" */;
			compatibilityVersion = "Xcode 9.3";
			developmentRegion = en;
			hasScannedForEncodings = 0;
			knownRegions = (
				en,
				Base,
			);
			mainGroup = 8DB99D2F23AD247300AE483B;
			productRefGroup = 8DB99D2F23AD247300AE483B;
			projectDirPath = "";
			projectRoot = "";
			targets = (
				8DB99D3723AD247300AE483B /* Mirascon */,
				8D0C128623F0914C00C2D374 /* Notification */,
			);
		};
/* End PBXProject section */

/* Begin PBXResourcesBuildPhase section */
		8D0C128523F0914C00C2D374 /* Resources */ = {
			isa = PBXResourcesBuildPhase;
			buildActionMask = 2147483647;
			files = (
			);
			runOnlyForDeploymentPostprocessing = 0;
		};
		8DB99D3623AD247300AE483B /* Resources */ = {
			isa = PBXResourcesBuildPhase;
			buildActionMask = 2147483647;
			files = (
				8D55D9A923E0852700B0DC4B /* ClaimsCenterData.json in Resources */,
				8DB99D4823AD247600AE483B /* LaunchScreen.storyboard in Resources */,
				8DB99D4523AD247600AE483B /* Preview Assets.xcassets in Resources */,
				8DB99D8523AE87B100AE483B /* introductionData.json in Resources */,
				8D25408823ED6F5D00707704 /* GoogleService-Info.plist in Resources */,
				8D5742AE242B89290018160B /* Podfile in Resources */,
				8DB99D4223AD247600AE483B /* Assets.xcassets in Resources */,
			);
			runOnlyForDeploymentPostprocessing = 0;
		};
/* End PBXResourcesBuildPhase section */

/* Begin PBXShellScriptBuildPhase section */
		8B51120CCFB5E834E90ED27C /* [CP] Embed Pods Frameworks */ = {
			isa = PBXShellScriptBuildPhase;
			buildActionMask = 2147483647;
			files = (
			);
			inputFileListPaths = (
				"${PODS_ROOT}/Target Support Files/Pods-Mirascon/Pods-Mirascon-frameworks-${CONFIGURATION}-input-files.xcfilelist",
			);
			name = "[CP] Embed Pods Frameworks";
			outputFileListPaths = (
				"${PODS_ROOT}/Target Support Files/Pods-Mirascon/Pods-Mirascon-frameworks-${CONFIGURATION}-output-files.xcfilelist",
			);
			runOnlyForDeploymentPostprocessing = 0;
			shellPath = /bin/sh;
			shellScript = "\"${PODS_ROOT}/Target Support Files/Pods-Mirascon/Pods-Mirascon-frameworks.sh\"\n";
			showEnvVarsInLog = 0;
		};
		BBA7DB062D8DC01390D82A8A /* [CP] Copy Pods Resources */ = {
			isa = PBXShellScriptBuildPhase;
			buildActionMask = 2147483647;
			files = (
			);
			inputFileListPaths = (
				"${PODS_ROOT}/Target Support Files/Pods-Mirascon/Pods-Mirascon-resources-${CONFIGURATION}-input-files.xcfilelist",
			);
			name = "[CP] Copy Pods Resources";
			outputFileListPaths = (
				"${PODS_ROOT}/Target Support Files/Pods-Mirascon/Pods-Mirascon-resources-${CONFIGURATION}-output-files.xcfilelist",
			);
			runOnlyForDeploymentPostprocessing = 0;
			shellPath = /bin/sh;
			shellScript = "\"${PODS_ROOT}/Target Support Files/Pods-Mirascon/Pods-Mirascon-resources.sh\"\n";
			showEnvVarsInLog = 0;
		};
		DFBA134ED1D3A6E28AD1DE92 /* [CP] Check Pods Manifest.lock */ = {
			isa = PBXShellScriptBuildPhase;
			buildActionMask = 2147483647;
			files = (
			);
			inputFileListPaths = (
			);
			inputPaths = (
				"${PODS_PODFILE_DIR_PATH}/Podfile.lock",
				"${PODS_ROOT}/Manifest.lock",
			);
			name = "[CP] Check Pods Manifest.lock";
			outputFileListPaths = (
			);
			outputPaths = (
				"$(DERIVED_FILE_DIR)/Pods-Mirascon-checkManifestLockResult.txt",
			);
			runOnlyForDeploymentPostprocessing = 0;
			shellPath = /bin/sh;
			shellScript = "diff \"${PODS_PODFILE_DIR_PATH}/Podfile.lock\" \"${PODS_ROOT}/Manifest.lock\" > /dev/null\nif [ $? != 0 ] ; then\n    # print error to STDERR\n    echo \"error: The sandbox is not in sync with the Podfile.lock. Run 'pod install' or update your CocoaPods installation.\" >&2\n    exit 1\nfi\n# This output is used by Xcode 'outputs' to avoid re-running this script phase.\necho \"SUCCESS\" > \"${SCRIPT_OUTPUT_FILE_0}\"\n";
			showEnvVarsInLog = 0;
		};
/* End PBXShellScriptBuildPhase section */

/* Begin PBXSourcesBuildPhase section */
		8D0C128323F0914C00C2D374 /* Sources */ = {
			isa = PBXSourcesBuildPhase;
			buildActionMask = 2147483647;
			files = (
			);
			runOnlyForDeploymentPostprocessing = 0;
		};
		8DB99D3423AD247300AE483B /* Sources */ = {
			isa = PBXSourcesBuildPhase;
			buildActionMask = 2147483647;
			files = (
				8D55D9BB23E2FDEB00B0DC4B /* MainScreen.swift in Sources */,
				8DB2E1E0243C920200E3A1BD /* RadialGradientUI.swift in Sources */,
				8DB2E1E2243C93DB00E3A1BD /* LogoBarWithLabel.swift in Sources */,
				8D55D9B323E08DE900B0DC4B /* UserData.swift in Sources */,
				8DDAD9F923E05774001409EC /* ClaimsForm.swift in Sources */,
				8D55D9B923E208E200B0DC4B /* Coordinator.swift in Sources */,
				8DB99D3C23AD247300AE483B /* AppDelegate.swift in Sources */,
				8DB2E1E6243DC35300E3A1BD /* dimens.swift in Sources */,
				8D55D9BF23E34FC000B0DC4B /* LaunchLogo.swift in Sources */,
				8D55D9B523E1EFFC00B0DC4B /* uploadPhotos.swift in Sources */,
				8D25408423ED6B5000707704 /* ChatFirebaseView.swift in Sources */,
				8DB99D5023AD255300AE483B /* EmergencyUI.swift in Sources */,
				8DB2E1DE243B54DC00E3A1BD /* ColorUI.swift in Sources */,
				8D25408623ED6B9F00707704 /* DataFire.swift in Sources */,
				8DB99D3E23AD247300AE483B /* SceneDelegate.swift in Sources */,
				8D5742AC242B47260018160B /* GoogleMapsView.swift in Sources */,
				8DB99D7623AE154400AE483B /* PlayerView.swift in Sources */,
				8DC0FF8323EEFA0400B8401F /* ListMessage.swift in Sources */,
				8D55D9B723E201FD00B0DC4B /* GlassDamage.swift in Sources */,
				8D55D9A623E0807800B0DC4B /* ClaimsCenter.swift in Sources */,
				8DB2E1E9243DC39300E3A1BD /* strings.swift in Sources */,
				8DB99D5223AD25F500AE483B /* RoadsideAssistanceUI.swift in Sources */,
				8DEBB2042415297800622D88 /* Profil.swift in Sources */,
				8DB99D9323AEB69900AE483B /* Introduction.swift in Sources */,
				8DBD931023ECC87F0034E918 /* LocationManager.swift in Sources */,
				8DB2E1E4243C9AE900E3A1BD /* LogoBar.swift in Sources */,
				8D55D9BD23E2FF1800B0DC4B /* ViewRouter.swift in Sources */,
				8DC0FF8523EEFA4500B8401F /* Messagepage.swift in Sources */,
				8D55D9C323E38BD500B0DC4B /* FirstLaunch.swift in Sources */,
				8DC3835723EC52BA00000039 /* GoogleMap.swift in Sources */,
				8DB99D4023AD247300AE483B /* ContentView.swift in Sources */,
				8DB99D8723AE881800AE483B /* Data.swift in Sources */,
				8DB99D7F23AE47F000AE483B /* PreviewIntroduction.swift in Sources */,
			);
			runOnlyForDeploymentPostprocessing = 0;
		};
/* End PBXSourcesBuildPhase section */

/* Begin PBXTargetDependency section */
		8D0C129423F0914D00C2D374 /* PBXTargetDependency */ = {
			isa = PBXTargetDependency;
			target = 8D0C128623F0914C00C2D374 /* Notification */;
			targetProxy = 8D0C129323F0914D00C2D374 /* PBXContainerItemProxy */;
		};
/* End PBXTargetDependency section */

/* Begin PBXVariantGroup section */
		8DB99D4623AD247600AE483B /* LaunchScreen.storyboard */ = {
			isa = PBXVariantGroup;
			children = (
				8DB99D4723AD247600AE483B /* Base */,
			);
			name = LaunchScreen.storyboard;
			sourceTree = "<group>";
		};
/* End PBXVariantGroup section */

/* Begin XCBuildConfiguration section */
		8D0C129723F0914D00C2D374 /* Debug */ = {
			isa = XCBuildConfiguration;
			buildSettings = {
				CODE_SIGN_STYLE = Automatic;
				DEVELOPMENT_TEAM = 897WYU8Q95;
				INFOPLIST_FILE = Notification/Info.plist;
				LD_RUNPATH_SEARCH_PATHS = (
					"$(inherited)",
					"@executable_path/Frameworks",
					"@executable_path/../../Frameworks",
				);
				PRODUCT_BUNDLE_IDENTIFIER = mir.Mirascon.Notification;
				PRODUCT_NAME = "$(TARGET_NAME)";
				SKIP_INSTALL = YES;
				SWIFT_VERSION = 5.0;
				TARGETED_DEVICE_FAMILY = "1,2";
			};
			name = Debug;
		};
		8D0C129823F0914D00C2D374 /* Release */ = {
			isa = XCBuildConfiguration;
			buildSettings = {
				CODE_SIGN_STYLE = Automatic;
				DEVELOPMENT_TEAM = 897WYU8Q95;
				INFOPLIST_FILE = Notification/Info.plist;
				LD_RUNPATH_SEARCH_PATHS = (
					"$(inherited)",
					"@executable_path/Frameworks",
					"@executable_path/../../Frameworks",
				);
				PRODUCT_BUNDLE_IDENTIFIER = mir.Mirascon.Notification;
				PRODUCT_NAME = "$(TARGET_NAME)";
				SKIP_INSTALL = YES;
				SWIFT_VERSION = 5.0;
				TARGETED_DEVICE_FAMILY = "1,2";
			};
			name = Release;
		};
		8DB99D4A23AD247600AE483B /* Debug */ = {
			isa = XCBuildConfiguration;
			buildSettings = {
				ALWAYS_SEARCH_USER_PATHS = NO;
				CLANG_ANALYZER_NONNULL = YES;
				CLANG_ANALYZER_NUMBER_OBJECT_CONVERSION = YES_AGGRESSIVE;
				CLANG_CXX_LANGUAGE_STANDARD = "gnu++14";
				CLANG_CXX_LIBRARY = "libc++";
				CLANG_ENABLE_MODULES = YES;
				CLANG_ENABLE_OBJC_ARC = YES;
				CLANG_ENABLE_OBJC_WEAK = YES;
				CLANG_WARN_BLOCK_CAPTURE_AUTORELEASING = YES;
				CLANG_WARN_BOOL_CONVERSION = YES;
				CLANG_WARN_COMMA = YES;
				CLANG_WARN_CONSTANT_CONVERSION = YES;
				CLANG_WARN_DEPRECATED_OBJC_IMPLEMENTATIONS = YES;
				CLANG_WARN_DIRECT_OBJC_ISA_USAGE = YES_ERROR;
				CLANG_WARN_DOCUMENTATION_COMMENTS = YES;
				CLANG_WARN_EMPTY_BODY = YES;
				CLANG_WARN_ENUM_CONVERSION = YES;
				CLANG_WARN_INFINITE_RECURSION = YES;
				CLANG_WARN_INT_CONVERSION = YES;
				CLANG_WARN_NON_LITERAL_NULL_CONVERSION = YES;
				CLANG_WARN_OBJC_IMPLICIT_RETAIN_SELF = YES;
				CLANG_WARN_OBJC_LITERAL_CONVERSION = YES;
				CLANG_WARN_OBJC_ROOT_CLASS = YES_ERROR;
				CLANG_WARN_RANGE_LOOP_ANALYSIS = YES;
				CLANG_WARN_STRICT_PROTOTYPES = YES;
				CLANG_WARN_SUSPICIOUS_MOVE = YES;
				CLANG_WARN_UNGUARDED_AVAILABILITY = YES_AGGRESSIVE;
				CLANG_WARN_UNREACHABLE_CODE = YES;
				CLANG_WARN__DUPLICATE_METHOD_MATCH = YES;
				COPY_PHASE_STRIP = NO;
				DEBUG_INFORMATION_FORMAT = dwarf;
				ENABLE_STRICT_OBJC_MSGSEND = YES;
				ENABLE_TESTABILITY = YES;
				GCC_C_LANGUAGE_STANDARD = gnu11;
				GCC_DYNAMIC_NO_PIC = NO;
				GCC_NO_COMMON_BLOCKS = YES;
				GCC_OPTIMIZATION_LEVEL = 0;
				GCC_PREPROCESSOR_DEFINITIONS = (
					"DEBUG=1",
					"$(inherited)",
				);
				GCC_WARN_64_TO_32_BIT_CONVERSION = YES;
				GCC_WARN_ABOUT_RETURN_TYPE = YES_ERROR;
				GCC_WARN_UNDECLARED_SELECTOR = YES;
				GCC_WARN_UNINITIALIZED_AUTOS = YES_AGGRESSIVE;
				GCC_WARN_UNUSED_FUNCTION = YES;
				GCC_WARN_UNUSED_VARIABLE = YES;
				IPHONEOS_DEPLOYMENT_TARGET = 13.2;
				MTL_ENABLE_DEBUG_INFO = INCLUDE_SOURCE;
				MTL_FAST_MATH = YES;
				ONLY_ACTIVE_ARCH = YES;
				SDKROOT = iphoneos;
				SWIFT_ACTIVE_COMPILATION_CONDITIONS = DEBUG;
				SWIFT_OPTIMIZATION_LEVEL = "-Onone";
			};
			name = Debug;
		};
		8DB99D4B23AD247600AE483B /* Release */ = {
			isa = XCBuildConfiguration;
			buildSettings = {
				ALWAYS_SEARCH_USER_PATHS = NO;
				CLANG_ANALYZER_NONNULL = YES;
				CLANG_ANALYZER_NUMBER_OBJECT_CONVERSION = YES_AGGRESSIVE;
				CLANG_CXX_LANGUAGE_STANDARD = "gnu++14";
				CLANG_CXX_LIBRARY = "libc++";
				CLANG_ENABLE_MODULES = YES;
				CLANG_ENABLE_OBJC_ARC = YES;
				CLANG_ENABLE_OBJC_WEAK = YES;
				CLANG_WARN_BLOCK_CAPTURE_AUTORELEASING = YES;
				CLANG_WARN_BOOL_CONVERSION = YES;
				CLANG_WARN_COMMA = YES;
				CLANG_WARN_CONSTANT_CONVERSION = YES;
				CLANG_WARN_DEPRECATED_OBJC_IMPLEMENTATIONS = YES;
				CLANG_WARN_DIRECT_OBJC_ISA_USAGE = YES_ERROR;
				CLANG_WARN_DOCUMENTATION_COMMENTS = YES;
				CLANG_WARN_EMPTY_BODY = YES;
				CLANG_WARN_ENUM_CONVERSION = YES;
				CLANG_WARN_INFINITE_RECURSION = YES;
				CLANG_WARN_INT_CONVERSION = YES;
				CLANG_WARN_NON_LITERAL_NULL_CONVERSION = YES;
				CLANG_WARN_OBJC_IMPLICIT_RETAIN_SELF = YES;
				CLANG_WARN_OBJC_LITERAL_CONVERSION = YES;
				CLANG_WARN_OBJC_ROOT_CLASS = YES_ERROR;
				CLANG_WARN_RANGE_LOOP_ANALYSIS = YES;
				CLANG_WARN_STRICT_PROTOTYPES = YES;
				CLANG_WARN_SUSPICIOUS_MOVE = YES;
				CLANG_WARN_UNGUARDED_AVAILABILITY = YES_AGGRESSIVE;
				CLANG_WARN_UNREACHABLE_CODE = YES;
				CLANG_WARN__DUPLICATE_METHOD_MATCH = YES;
				COPY_PHASE_STRIP = NO;
				DEBUG_INFORMATION_FORMAT = "dwarf-with-dsym";
				ENABLE_NS_ASSERTIONS = NO;
				ENABLE_STRICT_OBJC_MSGSEND = YES;
				GCC_C_LANGUAGE_STANDARD = gnu11;
				GCC_NO_COMMON_BLOCKS = YES;
				GCC_WARN_64_TO_32_BIT_CONVERSION = YES;
				GCC_WARN_ABOUT_RETURN_TYPE = YES_ERROR;
				GCC_WARN_UNDECLARED_SELECTOR = YES;
				GCC_WARN_UNINITIALIZED_AUTOS = YES_AGGRESSIVE;
				GCC_WARN_UNUSED_FUNCTION = YES;
				GCC_WARN_UNUSED_VARIABLE = YES;
				IPHONEOS_DEPLOYMENT_TARGET = 13.2;
				MTL_ENABLE_DEBUG_INFO = NO;
				MTL_FAST_MATH = YES;
				SDKROOT = iphoneos;
				SWIFT_COMPILATION_MODE = wholemodule;
				SWIFT_OPTIMIZATION_LEVEL = "-O";
				VALIDATE_PRODUCT = YES;
			};
			name = Release;
		};
		8DB99D4D23AD247600AE483B /* Debug */ = {
			isa = XCBuildConfiguration;
			baseConfigurationReference = F1EC6C69E7F649B498605BD9 /* Pods-Mirascon.debug.xcconfig */;
			buildSettings = {
				ASSETCATALOG_COMPILER_APPICON_NAME = AppIcon;
				CODE_SIGN_STYLE = Automatic;
				DEVELOPMENT_ASSET_PATHS = "\"Mirascon/Preview Content\"";
				DEVELOPMENT_TEAM = 897WYU8Q95;
				ENABLE_PREVIEWS = YES;
				INFOPLIST_FILE = Mirascon/Info.plist;
				IPHONEOS_DEPLOYMENT_TARGET = 13.0;
				LD_RUNPATH_SEARCH_PATHS = (
					"$(inherited)",
					"@executable_path/Frameworks",
				);
				PRODUCT_BUNDLE_IDENTIFIER = mir.Mirascon;
				PRODUCT_NAME = "$(TARGET_NAME)";
				SWIFT_VERSION = 5.0;
				TARGETED_DEVICE_FAMILY = "1,2";
			};
			name = Debug;
		};
		8DB99D4E23AD247600AE483B /* Release */ = {
			isa = XCBuildConfiguration;
			baseConfigurationReference = 346B21D53E006A92AF7DD652 /* Pods-Mirascon.release.xcconfig */;
			buildSettings = {
				ASSETCATALOG_COMPILER_APPICON_NAME = AppIcon;
				CODE_SIGN_STYLE = Automatic;
				DEVELOPMENT_ASSET_PATHS = "\"Mirascon/Preview Content\"";
				DEVELOPMENT_TEAM = 897WYU8Q95;
				ENABLE_PREVIEWS = YES;
				INFOPLIST_FILE = Mirascon/Info.plist;
				IPHONEOS_DEPLOYMENT_TARGET = 13.0;
				LD_RUNPATH_SEARCH_PATHS = (
					"$(inherited)",
					"@executable_path/Frameworks",
				);
				PRODUCT_BUNDLE_IDENTIFIER = mir.Mirascon;
				PRODUCT_NAME = "$(TARGET_NAME)";
				SWIFT_VERSION = 5.0;
				TARGETED_DEVICE_FAMILY = "1,2";
			};
			name = Release;
		};
/* End XCBuildConfiguration section */

/* Begin XCConfigurationList section */
		8D0C129923F0914D00C2D374 /* Build configuration list for PBXNativeTarget "Notification" */ = {
			isa = XCConfigurationList;
			buildConfigurations = (
				8D0C129723F0914D00C2D374 /* Debug */,
				8D0C129823F0914D00C2D374 /* Release */,
			);
			defaultConfigurationIsVisible = 0;
			defaultConfigurationName = Release;
		};
		8DB99D3323AD247300AE483B /* Build configuration list for PBXProject "Mirascon" */ = {
			isa = XCConfigurationList;
			buildConfigurations = (
				8DB99D4A23AD247600AE483B /* Debug */,
				8DB99D4B23AD247600AE483B /* Release */,
			);
			defaultConfigurationIsVisible = 0;
			defaultConfigurationName = Release;
		};
		8DB99D4C23AD247600AE483B /* Build configuration list for PBXNativeTarget "Mirascon" */ = {
			isa = XCConfigurationList;
			buildConfigurations = (
				8DB99D4D23AD247600AE483B /* Debug */,
				8DB99D4E23AD247600AE483B /* Release */,
			);
			defaultConfigurationIsVisible = 0;
			defaultConfigurationName = Release;
		};
/* End XCConfigurationList section */
	};
	rootObject = 8DB99D3023AD247300AE483B /* Project object */;
}
